// !$*UTF8*$!
{
	archiveVersion = 1;
	classes = {
	};
	objectVersion = 70;
	objects = {

/* Begin PBXBuildFile section */
		3CCB621F2D4E2777006EBB09 /* SQLite in Frameworks */ = {isa = PBXBuildFile; productRef = 3CCB621E2D4E2777006EBB09 /* SQLite */; };
		41A22C112D42C8DC00A5F84D /* EnvironmentConfig.plist in Resources */ = {isa = PBXBuildFile; fileRef = 41A22C102D42C8CE00A5F84D /* EnvironmentConfig.plist */; };
		5557D6D22D44E50100034CEA /* NavbarView.swift in Sources */ = {isa = PBXBuildFile; fileRef = 5557D6CF2D44E50100034CEA /* NavbarView.swift */; };
		556B28532D5039F900D20F1B /* FirebaseAnalytics in Frameworks */ = {isa = PBXBuildFile; productRef = 556B28522D5039F900D20F1B /* FirebaseAnalytics */; };
		556B28552D5039F900D20F1B /* FirebaseCore in Frameworks */ = {isa = PBXBuildFile; productRef = 556B28542D5039F900D20F1B /* FirebaseCore */; };
		556B28572D5039F900D20F1B /* FirebaseFirestore in Frameworks */ = {isa = PBXBuildFile; productRef = 556B28562D5039F900D20F1B /* FirebaseFirestore */; };
		556B28592D503AC000D20F1B /* FirebaseCrashlytics in Frameworks */ = {isa = PBXBuildFile; productRef = 556B28582D503AC000D20F1B /* FirebaseCrashlytics */; };
		556B285B2D503B0000D20F1B /* FirebasePerformance in Frameworks */ = {isa = PBXBuildFile; productRef = 556B285A2D503B0000D20F1B /* FirebasePerformance */; };
		556B28B22D50429C00D20F1B /* GoogleService-Info.plist in Resources */ = {isa = PBXBuildFile; fileRef = 556B28B12D50429C00D20F1B /* GoogleService-Info.plist */; };
		7F313A07292BC7E90048C74C /* AppDelegate.swift in Sources */ = {isa = PBXBuildFile; fileRef = 7F313A06292BC7E90048C74C /* AppDelegate.swift */; };
		7F313A10292BC7EA0048C74C /* Assets.xcassets in Resources */ = {isa = PBXBuildFile; fileRef = 7F313A0F292BC7EA0048C74C /* Assets.xcassets */; };
		7F313A13292BC7EA0048C74C /* LaunchScreen.storyboard in Resources */ = {isa = PBXBuildFile; fileRef = 7F313A11292BC7EA0048C74C /* LaunchScreen.storyboard */; };
		7F313A21292BC8670048C74C /* InteractorInterface.swift in Sources */ = {isa = PBXBuildFile; fileRef = 7F313A1C292BC8670048C74C /* InteractorInterface.swift */; };
		7F313A22292BC8670048C74C /* FormatterInterface.swift in Sources */ = {isa = PBXBuildFile; fileRef = 7F313A1D292BC8670048C74C /* FormatterInterface.swift */; };
		7F313A23292BC8670048C74C /* PresenterInterface.swift in Sources */ = {isa = PBXBuildFile; fileRef = 7F313A1E292BC8670048C74C /* PresenterInterface.swift */; };
		7F313A24292BC8670048C74C /* BaseWireframe.swift in Sources */ = {isa = PBXBuildFile; fileRef = 7F313A1F292BC8670048C74C /* BaseWireframe.swift */; };
		7F313A25292BC8670048C74C /* ViewInterface.swift in Sources */ = {isa = PBXBuildFile; fileRef = 7F313A20292BC8670048C74C /* ViewInterface.swift */; };
		7F313A27292BC86F0048C74C /* Progressable.swift in Sources */ = {isa = PBXBuildFile; fileRef = 7F313A26292BC86F0048C74C /* Progressable.swift */; };
		7F313A2A292BC88F0048C74C /* LazyHostingViewController.swift in Sources */ = {isa = PBXBuildFile; fileRef = 7F313A29292BC88F0048C74C /* LazyHostingViewController.swift */; };
		7F313A2C292BC8A80048C74C /* HostingNavigationController.swift in Sources */ = {isa = PBXBuildFile; fileRef = 7F313A2B292BC8A80048C74C /* HostingNavigationController.swift */; };
		7F313A2F292BC8C70048C74C /* RxCocoa in Frameworks */ = {isa = PBXBuildFile; productRef = 7F313A2E292BC8C70048C74C /* RxCocoa */; };
		7F313A31292BC8C70048C74C /* RxRelay in Frameworks */ = {isa = PBXBuildFile; productRef = 7F313A30292BC8C70048C74C /* RxRelay */; };
		7F313A33292BC8C70048C74C /* RxSwift in Frameworks */ = {isa = PBXBuildFile; productRef = 7F313A32292BC8C70048C74C /* RxSwift */; };
		7F313A38292BC92C0048C74C /* InitialWireframeInitializer.swift in Sources */ = {isa = PBXBuildFile; fileRef = 7F313A35292BC92C0048C74C /* InitialWireframeInitializer.swift */; };
		7F313A39292BC92C0048C74C /* StartupInitializationBuilder.swift in Sources */ = {isa = PBXBuildFile; fileRef = 7F313A36292BC92C0048C74C /* StartupInitializationBuilder.swift */; };
		7F313A3A292BC92C0048C74C /* Initializable.swift in Sources */ = {isa = PBXBuildFile; fileRef = 7F313A37292BC92C0048C74C /* Initializable.swift */; };
		7F313A4C292BCD860048C74C /* HomeInterfaces.swift in Sources */ = {isa = PBXBuildFile; fileRef = 7F313A48292BCD860048C74C /* HomeInterfaces.swift */; };
		7F313A4D292BCD860048C74C /* HomePresenter.swift in Sources */ = {isa = PBXBuildFile; fileRef = 7F313A49292BCD860048C74C /* HomePresenter.swift */; };
		7F313A4E292BCD860048C74C /* HomeView.swift in Sources */ = {isa = PBXBuildFile; fileRef = 7F313A4A292BCD860048C74C /* HomeView.swift */; };
		7F313A4F292BCD860048C74C /* HomeWireframe.swift in Sources */ = {isa = PBXBuildFile; fileRef = 7F313A4B292BCD860048C74C /* HomeWireframe.swift */; };
		89525E8F2D453D61008BF4B6 /* Podfile in Resources */ = {isa = PBXBuildFile; fileRef = 89525E8E2D453D5D008BF4B6 /* Podfile */; };
		89C9FED52D44E9A100CDF043 /* OneSignalNotificationServiceExtension.appex in Embed Foundation Extensions */ = {isa = PBXBuildFile; fileRef = 89C9FECE2D44E9A100CDF043 /* OneSignalNotificationServiceExtension.appex */; settings = {ATTRIBUTES = (RemoveHeadersOnCopy, ); }; };
		89C9FF1B2D44F20E00CDF043 /* SwiftyBeaver in Frameworks */ = {isa = PBXBuildFile; productRef = 89C9FF1A2D44F20E00CDF043 /* SwiftyBeaver */; };
		89C9FF1E2D44F32100CDF043 /* OneSignalExtension in Frameworks */ = {isa = PBXBuildFile; productRef = 89C9FF1D2D44F32100CDF043 /* OneSignalExtension */; };
		89C9FF202D44F4C200CDF043 /* OneSignalFramework in Frameworks */ = {isa = PBXBuildFile; productRef = 89C9FF1F2D44F4C200CDF043 /* OneSignalFramework */; };
		89C9FF222D44F4D000CDF043 /* OneSignalInAppMessages in Frameworks */ = {isa = PBXBuildFile; productRef = 89C9FF212D44F4D000CDF043 /* OneSignalInAppMessages */; };
		89C9FF242D45060300CDF043 /* OneSignalLocation in Frameworks */ = {isa = PBXBuildFile; productRef = 89C9FF232D45060300CDF043 /* OneSignalLocation */; };
		89EBF4EE2D52505500D6FB92 /* Mixpanel in Frameworks */ = {isa = PBXBuildFile; productRef = 89EBF4ED2D52505500D6FB92 /* Mixpanel */; };
		D44590F12D50AA4F004B54C8 /* FirebaseAuth in Frameworks */ = {isa = PBXBuildFile; productRef = D44590F02D50AA4F004B54C8 /* FirebaseAuth */; };
		D44591012D50C425004B54C8 /* GoogleSignIn in Frameworks */ = {isa = PBXBuildFile; productRef = D44591002D50C425004B54C8 /* GoogleSignIn */; };
		D44591032D50C425004B54C8 /* GoogleSignInSwift in Frameworks */ = {isa = PBXBuildFile; productRef = D44591022D50C425004B54C8 /* GoogleSignInSwift */; };
/* End PBXBuildFile section */

/* Begin PBXContainerItemProxy section */
		89C9FED32D44E9A100CDF043 /* PBXContainerItemProxy */ = {
			isa = PBXContainerItemProxy;
			containerPortal = 7F3139FB292BC7E90048C74C /* Project object */;
			proxyType = 1;
			remoteGlobalIDString = 89C9FECD2D44E9A100CDF043;
			remoteInfo = OneSignalNotificationServiceExtension;
		};
/* End PBXContainerItemProxy section */

/* Begin PBXCopyFilesBuildPhase section */
		89C9FEDA2D44E9A100CDF043 /* Embed Foundation Extensions */ = {
			isa = PBXCopyFilesBuildPhase;
			buildActionMask = 2147483647;
			dstPath = "";
			dstSubfolderSpec = 13;
			files = (
				89C9FED52D44E9A100CDF043 /* OneSignalNotificationServiceExtension.appex in Embed Foundation Extensions */,
			);
			name = "Embed Foundation Extensions";
			runOnlyForDeploymentPostprocessing = 0;
		};
/* End PBXCopyFilesBuildPhase section */

/* Begin PBXFileReference section */
		41A22C102D42C8CE00A5F84D /* EnvironmentConfig.plist */ = {isa = PBXFileReference; lastKnownFileType = text.plist; path = EnvironmentConfig.plist; sourceTree = "<group>"; };
		5557D6CF2D44E50100034CEA /* NavbarView.swift */ = {isa = PBXFileReference; lastKnownFileType = sourcecode.swift; path = NavbarView.swift; sourceTree = "<group>"; };
		556B28B12D50429C00D20F1B /* GoogleService-Info.plist */ = {isa = PBXFileReference; lastKnownFileType = text.plist.xml; path = "GoogleService-Info.plist"; sourceTree = "<group>"; };
		7F313A03292BC7E90048C74C /* SwiftCampDevs.app */ = {isa = PBXFileReference; explicitFileType = wrapper.application; includeInIndex = 0; path = SwiftCampDevs.app; sourceTree = BUILT_PRODUCTS_DIR; };
		7F313A06292BC7E90048C74C /* AppDelegate.swift */ = {isa = PBXFileReference; lastKnownFileType = sourcecode.swift; path = AppDelegate.swift; sourceTree = "<group>"; };
		7F313A0F292BC7EA0048C74C /* Assets.xcassets */ = {isa = PBXFileReference; lastKnownFileType = folder.assetcatalog; path = Assets.xcassets; sourceTree = "<group>"; };
		7F313A12292BC7EA0048C74C /* Base */ = {isa = PBXFileReference; lastKnownFileType = file.storyboard; name = Base; path = Base.lproj/LaunchScreen.storyboard; sourceTree = "<group>"; };
		7F313A14292BC7EA0048C74C /* Info.plist */ = {isa = PBXFileReference; lastKnownFileType = text.plist.xml; path = Info.plist; sourceTree = "<group>"; };
		7F313A1C292BC8670048C74C /* InteractorInterface.swift */ = {isa = PBXFileReference; fileEncoding = 4; lastKnownFileType = sourcecode.swift; path = InteractorInterface.swift; sourceTree = "<group>"; };
		7F313A1D292BC8670048C74C /* FormatterInterface.swift */ = {isa = PBXFileReference; fileEncoding = 4; lastKnownFileType = sourcecode.swift; path = FormatterInterface.swift; sourceTree = "<group>"; };
		7F313A1E292BC8670048C74C /* PresenterInterface.swift */ = {isa = PBXFileReference; fileEncoding = 4; lastKnownFileType = sourcecode.swift; path = PresenterInterface.swift; sourceTree = "<group>"; };
		7F313A1F292BC8670048C74C /* BaseWireframe.swift */ = {isa = PBXFileReference; fileEncoding = 4; lastKnownFileType = sourcecode.swift; path = BaseWireframe.swift; sourceTree = "<group>"; };
		7F313A20292BC8670048C74C /* ViewInterface.swift */ = {isa = PBXFileReference; fileEncoding = 4; lastKnownFileType = sourcecode.swift; path = ViewInterface.swift; sourceTree = "<group>"; };
		7F313A26292BC86F0048C74C /* Progressable.swift */ = {isa = PBXFileReference; fileEncoding = 4; lastKnownFileType = sourcecode.swift; path = Progressable.swift; sourceTree = "<group>"; };
		7F313A29292BC88F0048C74C /* LazyHostingViewController.swift */ = {isa = PBXFileReference; fileEncoding = 4; lastKnownFileType = sourcecode.swift; path = LazyHostingViewController.swift; sourceTree = "<group>"; };
		7F313A2B292BC8A80048C74C /* HostingNavigationController.swift */ = {isa = PBXFileReference; fileEncoding = 4; lastKnownFileType = sourcecode.swift; path = HostingNavigationController.swift; sourceTree = "<group>"; };
		7F313A35292BC92C0048C74C /* InitialWireframeInitializer.swift */ = {isa = PBXFileReference; fileEncoding = 4; lastKnownFileType = sourcecode.swift; path = InitialWireframeInitializer.swift; sourceTree = "<group>"; };
		7F313A36292BC92C0048C74C /* StartupInitializationBuilder.swift */ = {isa = PBXFileReference; fileEncoding = 4; lastKnownFileType = sourcecode.swift; path = StartupInitializationBuilder.swift; sourceTree = "<group>"; };
		7F313A37292BC92C0048C74C /* Initializable.swift */ = {isa = PBXFileReference; fileEncoding = 4; lastKnownFileType = sourcecode.swift; path = Initializable.swift; sourceTree = "<group>"; };
		7F313A48292BCD860048C74C /* HomeInterfaces.swift */ = {isa = PBXFileReference; lastKnownFileType = sourcecode.swift; path = HomeInterfaces.swift; sourceTree = "<group>"; };
		7F313A49292BCD860048C74C /* HomePresenter.swift */ = {isa = PBXFileReference; lastKnownFileType = sourcecode.swift; path = HomePresenter.swift; sourceTree = "<group>"; };
		7F313A4A292BCD860048C74C /* HomeView.swift */ = {isa = PBXFileReference; lastKnownFileType = sourcecode.swift; path = HomeView.swift; sourceTree = "<group>"; };
		7F313A4B292BCD860048C74C /* HomeWireframe.swift */ = {isa = PBXFileReference; lastKnownFileType = sourcecode.swift; path = HomeWireframe.swift; sourceTree = "<group>"; };
		89525E8E2D453D5D008BF4B6 /* Podfile */ = {isa = PBXFileReference; lastKnownFileType = text; path = Podfile; sourceTree = "<group>"; };
		89C9FEC92D44E8F100CDF043 /* SwiftCampDevs.entitlements */ = {isa = PBXFileReference; lastKnownFileType = text.plist.entitlements; path = SwiftCampDevs.entitlements; sourceTree = "<group>"; };
		89C9FECE2D44E9A100CDF043 /* OneSignalNotificationServiceExtension.appex */ = {isa = PBXFileReference; explicitFileType = "wrapper.app-extension"; includeInIndex = 0; path = OneSignalNotificationServiceExtension.appex; sourceTree = BUILT_PRODUCTS_DIR; };
/* End PBXFileReference section */

/* Begin PBXFileSystemSynchronizedBuildFileExceptionSet section */
		89C9FED62D44E9A100CDF043 /* PBXFileSystemSynchronizedBuildFileExceptionSet */ = {
			isa = PBXFileSystemSynchronizedBuildFileExceptionSet;
			membershipExceptions = (
				Info.plist,
			);
			target = 89C9FECD2D44E9A100CDF043 /* OneSignalNotificationServiceExtension */;
		};
/* End PBXFileSystemSynchronizedBuildFileExceptionSet section */

/* Begin PBXFileSystemSynchronizedRootGroup section */
		41AA93EA2D3257B30007EFFD /* Components */ = {isa = PBXFileSystemSynchronizedRootGroup; explicitFileTypes = {}; explicitFolders = (); path = Components; sourceTree = "<group>"; };
		41AA93FB2D3257CC0007EFFD /* Helpers */ = {isa = PBXFileSystemSynchronizedRootGroup; explicitFileTypes = {}; explicitFolders = (); path = Helpers; sourceTree = "<group>"; };
		41AA94052D3257F10007EFFD /* Utils */ = {isa = PBXFileSystemSynchronizedRootGroup; explicitFileTypes = {}; explicitFolders = (); path = Utils; sourceTree = "<group>"; };
		89C9FECF2D44E9A100CDF043 /* OneSignalNotificationServiceExtension */ = {isa = PBXFileSystemSynchronizedRootGroup; exceptions = (89C9FED62D44E9A100CDF043 /* PBXFileSystemSynchronizedBuildFileExceptionSet */, ); explicitFileTypes = {}; explicitFolders = (); path = OneSignalNotificationServiceExtension; sourceTree = "<group>"; };
		D482C5962D42CC2500810A86 /* Login */ = {isa = PBXFileSystemSynchronizedRootGroup; explicitFileTypes = {}; explicitFolders = (); path = Login; sourceTree = "<group>"; };
/* End PBXFileSystemSynchronizedRootGroup section */

/* Begin PBXFrameworksBuildPhase section */
		7F313A00292BC7E90048C74C /* Frameworks */ = {
			isa = PBXFrameworksBuildPhase;
			buildActionMask = 2147483647;
			files = (
				D44591032D50C425004B54C8 /* GoogleSignInSwift in Frameworks */,
				3CCB621F2D4E2777006EBB09 /* SQLite in Frameworks */,
				89C9FF222D44F4D000CDF043 /* OneSignalInAppMessages in Frameworks */,
				7F313A33292BC8C70048C74C /* RxSwift in Frameworks */,
				7F313A31292BC8C70048C74C /* RxRelay in Frameworks */,
				7F313A2F292BC8C70048C74C /* RxCocoa in Frameworks */,
				89C9FF1B2D44F20E00CDF043 /* SwiftyBeaver in Frameworks */,
				556B28552D5039F900D20F1B /* FirebaseCore in Frameworks */,
				89C9FF242D45060300CDF043 /* OneSignalLocation in Frameworks */,
				89C9FF202D44F4C200CDF043 /* OneSignalFramework in Frameworks */,
				D44590F12D50AA4F004B54C8 /* FirebaseAuth in Frameworks */,
				89EBF4EE2D52505500D6FB92 /* Mixpanel in Frameworks */,
				D44591012D50C425004B54C8 /* GoogleSignIn in Frameworks */,
				556B28592D503AC000D20F1B /* FirebaseCrashlytics in Frameworks */,
				556B285B2D503B0000D20F1B /* FirebasePerformance in Frameworks */,
				556B28572D5039F900D20F1B /* FirebaseFirestore in Frameworks */,
				556B28532D5039F900D20F1B /* FirebaseAnalytics in Frameworks */,
			);
			runOnlyForDeploymentPostprocessing = 0;
		};
		89C9FECB2D44E9A100CDF043 /* Frameworks */ = {
			isa = PBXFrameworksBuildPhase;
			buildActionMask = 2147483647;
			files = (
				89C9FF1E2D44F32100CDF043 /* OneSignalExtension in Frameworks */,
			);
			runOnlyForDeploymentPostprocessing = 0;
		};
/* End PBXFrameworksBuildPhase section */

/* Begin PBXGroup section */
		5557D6D02D44E50100034CEA /* BaseViews */ = {
			isa = PBXGroup;
			children = (
				5557D6CF2D44E50100034CEA /* NavbarView.swift */,
			);
			path = BaseViews;
			sourceTree = "<group>";
		};
		5557D6D12D44E50100034CEA /* Views */ = {
			isa = PBXGroup;
			children = (
				5557D6D02D44E50100034CEA /* BaseViews */,
			);
			path = Views;
			sourceTree = "<group>";
		};
		7F3139FA292BC7E90048C74C = {
			isa = PBXGroup;
			children = (
				7F313A05292BC7E90048C74C /* SwiftCampDevs */,
				89C9FECF2D44E9A100CDF043 /* OneSignalNotificationServiceExtension */,
				89C9FF1C2D44F32100CDF043 /* Frameworks */,
				7F313A04292BC7E90048C74C /* Products */,
			);
			sourceTree = "<group>";
		};
		7F313A04292BC7E90048C74C /* Products */ = {
			isa = PBXGroup;
			children = (
				7F313A03292BC7E90048C74C /* SwiftCampDevs.app */,
				89C9FECE2D44E9A100CDF043 /* OneSignalNotificationServiceExtension.appex */,
			);
			name = Products;
			sourceTree = "<group>";
		};
		7F313A05292BC7E90048C74C /* SwiftCampDevs */ = {
			isa = PBXGroup;
			children = (
				89525E8E2D453D5D008BF4B6 /* Podfile */,
				89C9FEC92D44E8F100CDF043 /* SwiftCampDevs.entitlements */,
				5557D6D12D44E50100034CEA /* Views */,
				41AA94052D3257F10007EFFD /* Utils */,
				41AA93FB2D3257CC0007EFFD /* Helpers */,
				41AA93EA2D3257B30007EFFD /* Components */,
				7F313A34292BC91F0048C74C /* Initializers */,
				7F313A1B292BC85A0048C74C /* VIPER */,
				7F313A28292BC8830048C74C /* SwiftUI Setup */,
				7F313A3B292BCB590048C74C /* Modules */,
				7F313A06292BC7E90048C74C /* AppDelegate.swift */,
				7F313A0F292BC7EA0048C74C /* Assets.xcassets */,
				7F313A11292BC7EA0048C74C /* LaunchScreen.storyboard */,
				41A22C102D42C8CE00A5F84D /* EnvironmentConfig.plist */,
				556B28B12D50429C00D20F1B /* GoogleService-Info.plist */,
				7F313A14292BC7EA0048C74C /* Info.plist */,
			);
			path = SwiftCampDevs;
			sourceTree = "<group>";
		};
		7F313A1B292BC85A0048C74C /* VIPER */ = {
			isa = PBXGroup;
			children = (
				7F313A1F292BC8670048C74C /* BaseWireframe.swift */,
				7F313A26292BC86F0048C74C /* Progressable.swift */,
				7F313A1D292BC8670048C74C /* FormatterInterface.swift */,
				7F313A1C292BC8670048C74C /* InteractorInterface.swift */,
				7F313A1E292BC8670048C74C /* PresenterInterface.swift */,
				7F313A20292BC8670048C74C /* ViewInterface.swift */,
			);
			path = VIPER;
			sourceTree = "<group>";
		};
		7F313A28292BC8830048C74C /* SwiftUI Setup */ = {
			isa = PBXGroup;
			children = (
				7F313A2B292BC8A80048C74C /* HostingNavigationController.swift */,
				7F313A29292BC88F0048C74C /* LazyHostingViewController.swift */,
			);
			path = "SwiftUI Setup";
			sourceTree = "<group>";
		};
		7F313A34292BC91F0048C74C /* Initializers */ = {
			isa = PBXGroup;
			children = (
				7F313A37292BC92C0048C74C /* Initializable.swift */,
				7F313A35292BC92C0048C74C /* InitialWireframeInitializer.swift */,
				7F313A36292BC92C0048C74C /* StartupInitializationBuilder.swift */,
			);
			path = Initializers;
			sourceTree = "<group>";
		};
		7F313A3B292BCB590048C74C /* Modules */ = {
			isa = PBXGroup;
			children = (
				D482C5962D42CC2500810A86 /* Login */,
				7F313A47292BCD750048C74C /* Home */,
			);
			path = Modules;
			sourceTree = "<group>";
		};
		7F313A47292BCD750048C74C /* Home */ = {
			isa = PBXGroup;
			children = (
				7F313A48292BCD860048C74C /* HomeInterfaces.swift */,
				7F313A49292BCD860048C74C /* HomePresenter.swift */,
				7F313A4A292BCD860048C74C /* HomeView.swift */,
				7F313A4B292BCD860048C74C /* HomeWireframe.swift */,
			);
			path = Home;
			sourceTree = "<group>";
		};
		89C9FF1C2D44F32100CDF043 /* Frameworks */ = {
			isa = PBXGroup;
			children = (
			);
			name = Frameworks;
			sourceTree = "<group>";
		};
/* End PBXGroup section */

/* Begin PBXNativeTarget section */
		7F313A02292BC7E90048C74C /* SwiftCampDevs */ = {
			isa = PBXNativeTarget;
			buildConfigurationList = 7F313A17292BC7EA0048C74C /* Build configuration list for PBXNativeTarget "SwiftCampDevs" */;
			buildPhases = (
				7F3139FF292BC7E90048C74C /* Sources */,
				7F313A00292BC7E90048C74C /* Frameworks */,
				7F313A01292BC7E90048C74C /* Resources */,
				89C9FEDA2D44E9A100CDF043 /* Embed Foundation Extensions */,
			);
			buildRules = (
			);
			dependencies = (
				89C9FED42D44E9A100CDF043 /* PBXTargetDependency */,
			);
			fileSystemSynchronizedGroups = (
				41AA93EA2D3257B30007EFFD /* Components */,
				41AA93FB2D3257CC0007EFFD /* Helpers */,
				41AA94052D3257F10007EFFD /* Utils */,
				D482C5962D42CC2500810A86 /* Login */,
			);
			name = SwiftCampDevs;
			packageProductDependencies = (
				7F313A2E292BC8C70048C74C /* RxCocoa */,
				7F313A30292BC8C70048C74C /* RxRelay */,
				7F313A32292BC8C70048C74C /* RxSwift */,
				89C9FF1A2D44F20E00CDF043 /* SwiftyBeaver */,
				89C9FF1F2D44F4C200CDF043 /* OneSignalFramework */,
				89C9FF212D44F4D000CDF043 /* OneSignalInAppMessages */,
				89C9FF232D45060300CDF043 /* OneSignalLocation */,
				3CCB621E2D4E2777006EBB09 /* SQLite */,
				D44590F02D50AA4F004B54C8 /* FirebaseAuth */,
				D44591002D50C425004B54C8 /* GoogleSignIn */,
				D44591022D50C425004B54C8 /* GoogleSignInSwift */,
				556B28522D5039F900D20F1B /* FirebaseAnalytics */,
				556B28542D5039F900D20F1B /* FirebaseCore */,
				556B28562D5039F900D20F1B /* FirebaseFirestore */,
				556B28582D503AC000D20F1B /* FirebaseCrashlytics */,
				556B285A2D503B0000D20F1B /* FirebasePerformance */,
				89EBF4ED2D52505500D6FB92 /* Mixpanel */,
			);
			productName = DemoApp;
			productReference = 7F313A03292BC7E90048C74C /* SwiftCampDevs.app */;
			productType = "com.apple.product-type.application";
		};
		89C9FECD2D44E9A100CDF043 /* OneSignalNotificationServiceExtension */ = {
			isa = PBXNativeTarget;
			buildConfigurationList = 89C9FED72D44E9A100CDF043 /* Build configuration list for PBXNativeTarget "OneSignalNotificationServiceExtension" */;
			buildPhases = (
				89C9FECA2D44E9A100CDF043 /* Sources */,
				89C9FECB2D44E9A100CDF043 /* Frameworks */,
				89C9FECC2D44E9A100CDF043 /* Resources */,
			);
			buildRules = (
			);
			dependencies = (
			);
			fileSystemSynchronizedGroups = (
				89C9FECF2D44E9A100CDF043 /* OneSignalNotificationServiceExtension */,
			);
			name = OneSignalNotificationServiceExtension;
			packageProductDependencies = (
				89C9FF1D2D44F32100CDF043 /* OneSignalExtension */,
			);
			productName = OneSignalNotificationServiceExtension;
			productReference = 89C9FECE2D44E9A100CDF043 /* OneSignalNotificationServiceExtension.appex */;
			productType = "com.apple.product-type.app-extension";
		};
/* End PBXNativeTarget section */

/* Begin PBXProject section */
		7F3139FB292BC7E90048C74C /* Project object */ = {
			isa = PBXProject;
			attributes = {
				BuildIndependentTargetsInParallel = 1;
				LastSwiftUpdateCheck = 1620;
				LastUpgradeCheck = 1400;
				TargetAttributes = {
					7F313A02292BC7E90048C74C = {
						CreatedOnToolsVersion = 14.0.1;
					};
					89C9FECD2D44E9A100CDF043 = {
						CreatedOnToolsVersion = 16.2;
					};
				};
			};
			buildConfigurationList = 7F3139FE292BC7E90048C74C /* Build configuration list for PBXProject "SwiftCampDevs" */;
			compatibilityVersion = "Xcode 14.0";
			developmentRegion = en;
			hasScannedForEncodings = 0;
			knownRegions = (
				en,
				Base,
			);
			mainGroup = 7F3139FA292BC7E90048C74C;
			packageReferences = (
				7F313A2D292BC8C70048C74C /* XCRemoteSwiftPackageReference "RxSwift" */,
				89C9FEDD2D44EF5100CDF043 /* XCRemoteSwiftPackageReference "OneSignal-XCFramework" */,
				89C9FEDE2D44F00800CDF043 /* XCRemoteSwiftPackageReference "SwiftyBeaver" */,
				3CCB621D2D4E2777006EBB09 /* XCRemoteSwiftPackageReference "SQLite" */,
				D44590FF2D50C425004B54C8 /* XCRemoteSwiftPackageReference "GoogleSignIn-iOS" */,
				556B28512D5039F900D20F1B /* XCRemoteSwiftPackageReference "firebase-ios-sdk" */,
				89EBF4EC2D52505500D6FB92 /* XCRemoteSwiftPackageReference "mixpanel-swift" */,
			);
			productRefGroup = 7F313A04292BC7E90048C74C /* Products */;
			projectDirPath = "";
			projectRoot = "";
			targets = (
				7F313A02292BC7E90048C74C /* SwiftCampDevs */,
				89C9FECD2D44E9A100CDF043 /* OneSignalNotificationServiceExtension */,
			);
		};
/* End PBXProject section */

/* Begin PBXResourcesBuildPhase section */
		7F313A01292BC7E90048C74C /* Resources */ = {
			isa = PBXResourcesBuildPhase;
			buildActionMask = 2147483647;
			files = (
				41A22C112D42C8DC00A5F84D /* EnvironmentConfig.plist in Resources */,
				7F313A13292BC7EA0048C74C /* LaunchScreen.storyboard in Resources */,
				556B28B22D50429C00D20F1B /* GoogleService-Info.plist in Resources */,
				89525E8F2D453D61008BF4B6 /* Podfile in Resources */,
				7F313A10292BC7EA0048C74C /* Assets.xcassets in Resources */,
			);
			runOnlyForDeploymentPostprocessing = 0;
		};
		89C9FECC2D44E9A100CDF043 /* Resources */ = {
			isa = PBXResourcesBuildPhase;
			buildActionMask = 2147483647;
			files = (
			);
			runOnlyForDeploymentPostprocessing = 0;
		};
/* End PBXResourcesBuildPhase section */

/* Begin PBXSourcesBuildPhase section */
		7F3139FF292BC7E90048C74C /* Sources */ = {
			isa = PBXSourcesBuildPhase;
			buildActionMask = 2147483647;
			files = (
				7F313A21292BC8670048C74C /* InteractorInterface.swift in Sources */,
				7F313A27292BC86F0048C74C /* Progressable.swift in Sources */,
				7F313A4D292BCD860048C74C /* HomePresenter.swift in Sources */,
				7F313A2A292BC88F0048C74C /* LazyHostingViewController.swift in Sources */,
				7F313A38292BC92C0048C74C /* InitialWireframeInitializer.swift in Sources */,
				7F313A25292BC8670048C74C /* ViewInterface.swift in Sources */,
				7F313A23292BC8670048C74C /* PresenterInterface.swift in Sources */,
				7F313A07292BC7E90048C74C /* AppDelegate.swift in Sources */,
				7F313A24292BC8670048C74C /* BaseWireframe.swift in Sources */,
				7F313A22292BC8670048C74C /* FormatterInterface.swift in Sources */,
				7F313A4E292BCD860048C74C /* HomeView.swift in Sources */,
				5557D6D22D44E50100034CEA /* NavbarView.swift in Sources */,
				7F313A39292BC92C0048C74C /* StartupInitializationBuilder.swift in Sources */,
				7F313A2C292BC8A80048C74C /* HostingNavigationController.swift in Sources */,
				7F313A4C292BCD860048C74C /* HomeInterfaces.swift in Sources */,
				7F313A3A292BC92C0048C74C /* Initializable.swift in Sources */,
				7F313A4F292BCD860048C74C /* HomeWireframe.swift in Sources */,
			);
			runOnlyForDeploymentPostprocessing = 0;
		};
		89C9FECA2D44E9A100CDF043 /* Sources */ = {
			isa = PBXSourcesBuildPhase;
			buildActionMask = 2147483647;
			files = (
			);
			runOnlyForDeploymentPostprocessing = 0;
		};
/* End PBXSourcesBuildPhase section */

/* Begin PBXTargetDependency section */
		89C9FED42D44E9A100CDF043 /* PBXTargetDependency */ = {
			isa = PBXTargetDependency;
			target = 89C9FECD2D44E9A100CDF043 /* OneSignalNotificationServiceExtension */;
			targetProxy = 89C9FED32D44E9A100CDF043 /* PBXContainerItemProxy */;
		};
/* End PBXTargetDependency section */

/* Begin PBXVariantGroup section */
		7F313A11292BC7EA0048C74C /* LaunchScreen.storyboard */ = {
			isa = PBXVariantGroup;
			children = (
				7F313A12292BC7EA0048C74C /* Base */,
			);
			name = LaunchScreen.storyboard;
			sourceTree = "<group>";
		};
/* End PBXVariantGroup section */

/* Begin XCBuildConfiguration section */
		7F313A15292BC7EA0048C74C /* Debug */ = {
			isa = XCBuildConfiguration;
			buildSettings = {
				ALWAYS_SEARCH_USER_PATHS = NO;
				CLANG_ANALYZER_NONNULL = YES;
				CLANG_ANALYZER_NUMBER_OBJECT_CONVERSION = YES_AGGRESSIVE;
				CLANG_CXX_LANGUAGE_STANDARD = "gnu++20";
				CLANG_ENABLE_MODULES = YES;
				CLANG_ENABLE_OBJC_ARC = YES;
				CLANG_ENABLE_OBJC_WEAK = YES;
				CLANG_WARN_BLOCK_CAPTURE_AUTORELEASING = YES;
				CLANG_WARN_BOOL_CONVERSION = YES;
				CLANG_WARN_COMMA = YES;
				CLANG_WARN_CONSTANT_CONVERSION = YES;
				CLANG_WARN_DEPRECATED_OBJC_IMPLEMENTATIONS = YES;
				CLANG_WARN_DIRECT_OBJC_ISA_USAGE = YES_ERROR;
				CLANG_WARN_DOCUMENTATION_COMMENTS = YES;
				CLANG_WARN_EMPTY_BODY = YES;
				CLANG_WARN_ENUM_CONVERSION = YES;
				CLANG_WARN_INFINITE_RECURSION = YES;
				CLANG_WARN_INT_CONVERSION = YES;
				CLANG_WARN_NON_LITERAL_NULL_CONVERSION = YES;
				CLANG_WARN_OBJC_IMPLICIT_RETAIN_SELF = YES;
				CLANG_WARN_OBJC_LITERAL_CONVERSION = YES;
				CLANG_WARN_OBJC_ROOT_CLASS = YES_ERROR;
				CLANG_WARN_QUOTED_INCLUDE_IN_FRAMEWORK_HEADER = YES;
				CLANG_WARN_RANGE_LOOP_ANALYSIS = YES;
				CLANG_WARN_STRICT_PROTOTYPES = YES;
				CLANG_WARN_SUSPICIOUS_MOVE = YES;
				CLANG_WARN_UNGUARDED_AVAILABILITY = YES_AGGRESSIVE;
				CLANG_WARN_UNREACHABLE_CODE = YES;
				CLANG_WARN__DUPLICATE_METHOD_MATCH = YES;
				COPY_PHASE_STRIP = NO;
				DEBUG_INFORMATION_FORMAT = dwarf;
				ENABLE_STRICT_OBJC_MSGSEND = YES;
				ENABLE_TESTABILITY = YES;
				GCC_C_LANGUAGE_STANDARD = gnu11;
				GCC_DYNAMIC_NO_PIC = NO;
				GCC_NO_COMMON_BLOCKS = YES;
				GCC_OPTIMIZATION_LEVEL = 0;
				GCC_PREPROCESSOR_DEFINITIONS = (
					"DEBUG=1",
					"$(inherited)",
				);
				GCC_WARN_64_TO_32_BIT_CONVERSION = YES;
				GCC_WARN_ABOUT_RETURN_TYPE = YES_ERROR;
				GCC_WARN_UNDECLARED_SELECTOR = YES;
				GCC_WARN_UNINITIALIZED_AUTOS = YES_AGGRESSIVE;
				GCC_WARN_UNUSED_FUNCTION = YES;
				GCC_WARN_UNUSED_VARIABLE = YES;
				IPHONEOS_DEPLOYMENT_TARGET = 16.0;
				MTL_ENABLE_DEBUG_INFO = INCLUDE_SOURCE;
				MTL_FAST_MATH = YES;
				ONLY_ACTIVE_ARCH = YES;
				SDKROOT = iphoneos;
				SWIFT_ACTIVE_COMPILATION_CONDITIONS = DEBUG;
				SWIFT_OPTIMIZATION_LEVEL = "-Onone";
			};
			name = Debug;
		};
		7F313A16292BC7EA0048C74C /* Release */ = {
			isa = XCBuildConfiguration;
			buildSettings = {
				ALWAYS_SEARCH_USER_PATHS = NO;
				CLANG_ANALYZER_NONNULL = YES;
				CLANG_ANALYZER_NUMBER_OBJECT_CONVERSION = YES_AGGRESSIVE;
				CLANG_CXX_LANGUAGE_STANDARD = "gnu++20";
				CLANG_ENABLE_MODULES = YES;
				CLANG_ENABLE_OBJC_ARC = YES;
				CLANG_ENABLE_OBJC_WEAK = YES;
				CLANG_WARN_BLOCK_CAPTURE_AUTORELEASING = YES;
				CLANG_WARN_BOOL_CONVERSION = YES;
				CLANG_WARN_COMMA = YES;
				CLANG_WARN_CONSTANT_CONVERSION = YES;
				CLANG_WARN_DEPRECATED_OBJC_IMPLEMENTATIONS = YES;
				CLANG_WARN_DIRECT_OBJC_ISA_USAGE = YES_ERROR;
				CLANG_WARN_DOCUMENTATION_COMMENTS = YES;
				CLANG_WARN_EMPTY_BODY = YES;
				CLANG_WARN_ENUM_CONVERSION = YES;
				CLANG_WARN_INFINITE_RECURSION = YES;
				CLANG_WARN_INT_CONVERSION = YES;
				CLANG_WARN_NON_LITERAL_NULL_CONVERSION = YES;
				CLANG_WARN_OBJC_IMPLICIT_RETAIN_SELF = YES;
				CLANG_WARN_OBJC_LITERAL_CONVERSION = YES;
				CLANG_WARN_OBJC_ROOT_CLASS = YES_ERROR;
				CLANG_WARN_QUOTED_INCLUDE_IN_FRAMEWORK_HEADER = YES;
				CLANG_WARN_RANGE_LOOP_ANALYSIS = YES;
				CLANG_WARN_STRICT_PROTOTYPES = YES;
				CLANG_WARN_SUSPICIOUS_MOVE = YES;
				CLANG_WARN_UNGUARDED_AVAILABILITY = YES_AGGRESSIVE;
				CLANG_WARN_UNREACHABLE_CODE = YES;
				CLANG_WARN__DUPLICATE_METHOD_MATCH = YES;
				COPY_PHASE_STRIP = NO;
				DEBUG_INFORMATION_FORMAT = "dwarf-with-dsym";
				ENABLE_NS_ASSERTIONS = NO;
				ENABLE_STRICT_OBJC_MSGSEND = YES;
				GCC_C_LANGUAGE_STANDARD = gnu11;
				GCC_NO_COMMON_BLOCKS = YES;
				GCC_WARN_64_TO_32_BIT_CONVERSION = YES;
				GCC_WARN_ABOUT_RETURN_TYPE = YES_ERROR;
				GCC_WARN_UNDECLARED_SELECTOR = YES;
				GCC_WARN_UNINITIALIZED_AUTOS = YES_AGGRESSIVE;
				GCC_WARN_UNUSED_FUNCTION = YES;
				GCC_WARN_UNUSED_VARIABLE = YES;
				IPHONEOS_DEPLOYMENT_TARGET = 16.0;
				MTL_ENABLE_DEBUG_INFO = NO;
				MTL_FAST_MATH = YES;
				SDKROOT = iphoneos;
				SWIFT_COMPILATION_MODE = wholemodule;
				SWIFT_OPTIMIZATION_LEVEL = "-O";
				VALIDATE_PRODUCT = YES;
			};
			name = Release;
		};
		7F313A18292BC7EA0048C74C /* Debug */ = {
			isa = XCBuildConfiguration;
			buildSettings = {
				ASSETCATALOG_COMPILER_APPICON_NAME = AppIcon;
				ASSETCATALOG_COMPILER_GLOBAL_ACCENT_COLOR_NAME = AccentColor;
				CODE_SIGN_ENTITLEMENTS = SwiftCampDevs/SwiftCampDevs.entitlements;
				CODE_SIGN_STYLE = Automatic;
				CURRENT_PROJECT_VERSION = 1;
				DEVELOPMENT_TEAM = 4GW994398K;
				GENERATE_INFOPLIST_FILE = YES;
				INFOPLIST_FILE = SwiftCampDevs/Info.plist;
				INFOPLIST_KEY_UIApplicationSupportsIndirectInputEvents = YES;
				INFOPLIST_KEY_UILaunchStoryboardName = LaunchScreen;
				INFOPLIST_KEY_UIMainStoryboardFile = "";
				INFOPLIST_KEY_UISupportedInterfaceOrientations = UIInterfaceOrientationPortrait;
				IPHONEOS_DEPLOYMENT_TARGET = 15.0;
				LD_RUNPATH_SEARCH_PATHS = (
					"$(inherited)",
					"@executable_path/Frameworks",
				);
				MARKETING_VERSION = 1.0;
				PRODUCT_BUNDLE_IDENTIFIER = com.masterfabric.campdev;
				PRODUCT_NAME = "$(TARGET_NAME)";
				SUPPORTED_PLATFORMS = "iphoneos iphonesimulator";
				SUPPORTS_MACCATALYST = NO;
				SUPPORTS_MAC_DESIGNED_FOR_IPHONE_IPAD = NO;
				SUPPORTS_XR_DESIGNED_FOR_IPHONE_IPAD = NO;
				SWIFT_EMIT_LOC_STRINGS = YES;
				SWIFT_VERSION = 5.0;
				TARGETED_DEVICE_FAMILY = 1;
			};
			name = Debug;
		};
		7F313A19292BC7EA0048C74C /* Release */ = {
			isa = XCBuildConfiguration;
			buildSettings = {
				ASSETCATALOG_COMPILER_APPICON_NAME = AppIcon;
				ASSETCATALOG_COMPILER_GLOBAL_ACCENT_COLOR_NAME = AccentColor;
				CODE_SIGN_ENTITLEMENTS = SwiftCampDevs/SwiftCampDevs.entitlements;
				CODE_SIGN_STYLE = Automatic;
				CURRENT_PROJECT_VERSION = 1;
				DEVELOPMENT_TEAM = 4GW994398K;
				GENERATE_INFOPLIST_FILE = YES;
				INFOPLIST_FILE = SwiftCampDevs/Info.plist;
				INFOPLIST_KEY_UIApplicationSupportsIndirectInputEvents = YES;
				INFOPLIST_KEY_UILaunchStoryboardName = LaunchScreen;
				INFOPLIST_KEY_UIMainStoryboardFile = "";
				INFOPLIST_KEY_UISupportedInterfaceOrientations = UIInterfaceOrientationPortrait;
				IPHONEOS_DEPLOYMENT_TARGET = 15.0;
				LD_RUNPATH_SEARCH_PATHS = (
					"$(inherited)",
					"@executable_path/Frameworks",
				);
				MARKETING_VERSION = 1.0;
				PRODUCT_BUNDLE_IDENTIFIER = com.masterfabric.campdev;
				PRODUCT_NAME = "$(TARGET_NAME)";
				SUPPORTED_PLATFORMS = "iphoneos iphonesimulator";
				SUPPORTS_MACCATALYST = NO;
				SUPPORTS_MAC_DESIGNED_FOR_IPHONE_IPAD = NO;
				SUPPORTS_XR_DESIGNED_FOR_IPHONE_IPAD = NO;
				SWIFT_EMIT_LOC_STRINGS = YES;
				SWIFT_VERSION = 5.0;
				TARGETED_DEVICE_FAMILY = 1;
			};
			name = Release;
		};
		89C9FED82D44E9A100CDF043 /* Debug */ = {
			isa = XCBuildConfiguration;
			buildSettings = {
				ASSETCATALOG_COMPILER_GENERATE_SWIFT_ASSET_SYMBOL_EXTENSIONS = YES;
				CODE_SIGN_ENTITLEMENTS = OneSignalNotificationServiceExtension/OneSignalNotificationServiceExtension.entitlements;
				CODE_SIGN_STYLE = Automatic;
				CURRENT_PROJECT_VERSION = 1;
				DEVELOPMENT_TEAM = 4GW994398K;
				ENABLE_USER_SCRIPT_SANDBOXING = YES;
				GCC_C_LANGUAGE_STANDARD = gnu17;
				GENERATE_INFOPLIST_FILE = YES;
				INFOPLIST_FILE = OneSignalNotificationServiceExtension/Info.plist;
				INFOPLIST_KEY_CFBundleDisplayName = OneSignalNotificationServiceExtension;
				INFOPLIST_KEY_NSHumanReadableCopyright = "";
				IPHONEOS_DEPLOYMENT_TARGET = 15.0;
				LD_RUNPATH_SEARCH_PATHS = (
					"$(inherited)",
					"@executable_path/Frameworks",
					"@executable_path/../../Frameworks",
				);
				LOCALIZATION_PREFERS_STRING_CATALOGS = YES;
				MARKETING_VERSION = 1.0;
				PRODUCT_BUNDLE_IDENTIFIER = com.masterfabric.campdev.OneSignalNotificationServiceExtension;
				PRODUCT_NAME = "$(TARGET_NAME)";
				SKIP_INSTALL = YES;
				SWIFT_ACTIVE_COMPILATION_CONDITIONS = "DEBUG $(inherited)";
				SWIFT_EMIT_LOC_STRINGS = YES;
				SWIFT_VERSION = 5.0;
				TARGETED_DEVICE_FAMILY = "1,2";
			};
			name = Debug;
		};
		89C9FED92D44E9A100CDF043 /* Release */ = {
			isa = XCBuildConfiguration;
			buildSettings = {
				ASSETCATALOG_COMPILER_GENERATE_SWIFT_ASSET_SYMBOL_EXTENSIONS = YES;
				CODE_SIGN_ENTITLEMENTS = OneSignalNotificationServiceExtension/OneSignalNotificationServiceExtension.entitlements;
				CODE_SIGN_STYLE = Automatic;
				CURRENT_PROJECT_VERSION = 1;
				DEVELOPMENT_TEAM = 4GW994398K;
				ENABLE_USER_SCRIPT_SANDBOXING = YES;
				GCC_C_LANGUAGE_STANDARD = gnu17;
				GENERATE_INFOPLIST_FILE = YES;
				INFOPLIST_FILE = OneSignalNotificationServiceExtension/Info.plist;
				INFOPLIST_KEY_CFBundleDisplayName = OneSignalNotificationServiceExtension;
				INFOPLIST_KEY_NSHumanReadableCopyright = "";
				IPHONEOS_DEPLOYMENT_TARGET = 15.0;
				LD_RUNPATH_SEARCH_PATHS = (
					"$(inherited)",
					"@executable_path/Frameworks",
					"@executable_path/../../Frameworks",
				);
				LOCALIZATION_PREFERS_STRING_CATALOGS = YES;
				MARKETING_VERSION = 1.0;
				PRODUCT_BUNDLE_IDENTIFIER = com.masterfabric.campdev.OneSignalNotificationServiceExtension;
				PRODUCT_NAME = "$(TARGET_NAME)";
				SKIP_INSTALL = YES;
				SWIFT_EMIT_LOC_STRINGS = YES;
				SWIFT_VERSION = 5.0;
				TARGETED_DEVICE_FAMILY = "1,2";
			};
			name = Release;
		};
/* End XCBuildConfiguration section */

/* Begin XCConfigurationList section */
		7F3139FE292BC7E90048C74C /* Build configuration list for PBXProject "SwiftCampDevs" */ = {
			isa = XCConfigurationList;
			buildConfigurations = (
				7F313A15292BC7EA0048C74C /* Debug */,
				7F313A16292BC7EA0048C74C /* Release */,
			);
			defaultConfigurationIsVisible = 0;
			defaultConfigurationName = Release;
		};
		7F313A17292BC7EA0048C74C /* Build configuration list for PBXNativeTarget "SwiftCampDevs" */ = {
			isa = XCConfigurationList;
			buildConfigurations = (
				7F313A18292BC7EA0048C74C /* Debug */,
				7F313A19292BC7EA0048C74C /* Release */,
			);
			defaultConfigurationIsVisible = 0;
			defaultConfigurationName = Release;
		};
		89C9FED72D44E9A100CDF043 /* Build configuration list for PBXNativeTarget "OneSignalNotificationServiceExtension" */ = {
			isa = XCConfigurationList;
			buildConfigurations = (
				89C9FED82D44E9A100CDF043 /* Debug */,
				89C9FED92D44E9A100CDF043 /* Release */,
			);
			defaultConfigurationIsVisible = 0;
			defaultConfigurationName = Release;
		};
/* End XCConfigurationList section */

/* Begin XCRemoteSwiftPackageReference section */
		3CCB621D2D4E2777006EBB09 /* XCRemoteSwiftPackageReference "SQLite" */ = {
			isa = XCRemoteSwiftPackageReference;
			repositoryURL = "https://github.com/stephencelis/SQLite.swift";
			requirement = {
				kind = upToNextMajorVersion;
				minimumVersion = 0.15.3;
			};
		};
		556B28512D5039F900D20F1B /* XCRemoteSwiftPackageReference "firebase-ios-sdk" */ = {
			isa = XCRemoteSwiftPackageReference;
			repositoryURL = "https://github.com/firebase/firebase-ios-sdk";
			requirement = {
				kind = upToNextMajorVersion;
				minimumVersion = 11.7.0;
			};
		};
		7F313A2D292BC8C70048C74C /* XCRemoteSwiftPackageReference "RxSwift" */ = {
			isa = XCRemoteSwiftPackageReference;
			repositoryURL = "https://github.com/ReactiveX/RxSwift";
			requirement = {
				kind = upToNextMajorVersion;
				minimumVersion = 6.0.0;
			};
		};
		89C9FEDD2D44EF5100CDF043 /* XCRemoteSwiftPackageReference "OneSignal-XCFramework" */ = {
			isa = XCRemoteSwiftPackageReference;
			repositoryURL = "https://github.com/OneSignal/OneSignal-XCFramework";
			requirement = {
				kind = upToNextMajorVersion;
				minimumVersion = 5.2.9;
			};
		};
		89C9FEDE2D44F00800CDF043 /* XCRemoteSwiftPackageReference "SwiftyBeaver" */ = {
			isa = XCRemoteSwiftPackageReference;
			repositoryURL = "https://github.com/SwiftyBeaver/SwiftyBeaver";
			requirement = {
				kind = upToNextMajorVersion;
				minimumVersion = 2.1.1;
			};
		};
		89EBF4EC2D52505500D6FB92 /* XCRemoteSwiftPackageReference "mixpanel-swift" */ = {
			isa = XCRemoteSwiftPackageReference;
			repositoryURL = "https://github.com/mixpanel/mixpanel-swift";
			requirement = {
				branch = master;
				kind = branch;
			};
		};
		D44590FF2D50C425004B54C8 /* XCRemoteSwiftPackageReference "GoogleSignIn-iOS" */ = {
			isa = XCRemoteSwiftPackageReference;
			repositoryURL = "https://github.com/google/GoogleSignIn-iOS/";
			requirement = {
				kind = upToNextMajorVersion;
				minimumVersion = 8.0.0;
			};
		};
/* End XCRemoteSwiftPackageReference section */

/* Begin XCSwiftPackageProductDependency section */
		3CCB621E2D4E2777006EBB09 /* SQLite */ = {
			isa = XCSwiftPackageProductDependency;
			package = 3CCB621D2D4E2777006EBB09 /* XCRemoteSwiftPackageReference "SQLite" */;
			productName = SQLite;
		};
		556B28522D5039F900D20F1B /* FirebaseAnalytics */ = {
			isa = XCSwiftPackageProductDependency;
			package = 556B28512D5039F900D20F1B /* XCRemoteSwiftPackageReference "firebase-ios-sdk" */;
			productName = FirebaseAnalytics;
		};
		556B28542D5039F900D20F1B /* FirebaseCore */ = {
			isa = XCSwiftPackageProductDependency;
			package = 556B28512D5039F900D20F1B /* XCRemoteSwiftPackageReference "firebase-ios-sdk" */;
			productName = FirebaseCore;
		};
		556B28562D5039F900D20F1B /* FirebaseFirestore */ = {
			isa = XCSwiftPackageProductDependency;
			package = 556B28512D5039F900D20F1B /* XCRemoteSwiftPackageReference "firebase-ios-sdk" */;
			productName = FirebaseFirestore;
		};
		556B28582D503AC000D20F1B /* FirebaseCrashlytics */ = {
			isa = XCSwiftPackageProductDependency;
			package = 556B28512D5039F900D20F1B /* XCRemoteSwiftPackageReference "firebase-ios-sdk" */;
			productName = FirebaseCrashlytics;
		};
		556B285A2D503B0000D20F1B /* FirebasePerformance */ = {
			isa = XCSwiftPackageProductDependency;
			package = 556B28512D5039F900D20F1B /* XCRemoteSwiftPackageReference "firebase-ios-sdk" */;
			productName = FirebasePerformance;
		};
		7F313A2E292BC8C70048C74C /* RxCocoa */ = {
			isa = XCSwiftPackageProductDependency;
			package = 7F313A2D292BC8C70048C74C /* XCRemoteSwiftPackageReference "RxSwift" */;
			productName = RxCocoa;
		};
		7F313A30292BC8C70048C74C /* RxRelay */ = {
			isa = XCSwiftPackageProductDependency;
			package = 7F313A2D292BC8C70048C74C /* XCRemoteSwiftPackageReference "RxSwift" */;
			productName = RxRelay;
		};
		7F313A32292BC8C70048C74C /* RxSwift */ = {
			isa = XCSwiftPackageProductDependency;
			package = 7F313A2D292BC8C70048C74C /* XCRemoteSwiftPackageReference "RxSwift" */;
			productName = RxSwift;
		};
		89C9FF1A2D44F20E00CDF043 /* SwiftyBeaver */ = {
			isa = XCSwiftPackageProductDependency;
			package = 89C9FEDE2D44F00800CDF043 /* XCRemoteSwiftPackageReference "SwiftyBeaver" */;
			productName = SwiftyBeaver;
		};
		89C9FF1D2D44F32100CDF043 /* OneSignalExtension */ = {
			isa = XCSwiftPackageProductDependency;
			package = 89C9FEDD2D44EF5100CDF043 /* XCRemoteSwiftPackageReference "OneSignal-XCFramework" */;
			productName = OneSignalExtension;
		};
		89C9FF1F2D44F4C200CDF043 /* OneSignalFramework */ = {
			isa = XCSwiftPackageProductDependency;
			package = 89C9FEDD2D44EF5100CDF043 /* XCRemoteSwiftPackageReference "OneSignal-XCFramework" */;
			productName = OneSignalFramework;
		};
		89C9FF212D44F4D000CDF043 /* OneSignalInAppMessages */ = {
			isa = XCSwiftPackageProductDependency;
			package = 89C9FEDD2D44EF5100CDF043 /* XCRemoteSwiftPackageReference "OneSignal-XCFramework" */;
			productName = OneSignalInAppMessages;
		};
		89C9FF232D45060300CDF043 /* OneSignalLocation */ = {
			isa = XCSwiftPackageProductDependency;
			package = 89C9FEDD2D44EF5100CDF043 /* XCRemoteSwiftPackageReference "OneSignal-XCFramework" */;
			productName = OneSignalLocation;
		};
		89EBF4ED2D52505500D6FB92 /* Mixpanel */ = {
			isa = XCSwiftPackageProductDependency;
			package = 89EBF4EC2D52505500D6FB92 /* XCRemoteSwiftPackageReference "mixpanel-swift" */;
			productName = Mixpanel;
		};
		D44590F02D50AA4F004B54C8 /* FirebaseAuth */ = {
			isa = XCSwiftPackageProductDependency;
			productName = FirebaseAuth;
		};
		D44591002D50C425004B54C8 /* GoogleSignIn */ = {
			isa = XCSwiftPackageProductDependency;
			package = D44590FF2D50C425004B54C8 /* XCRemoteSwiftPackageReference "GoogleSignIn-iOS" */;
			productName = GoogleSignIn;
		};
		D44591022D50C425004B54C8 /* GoogleSignInSwift */ = {
			isa = XCSwiftPackageProductDependency;
			package = D44590FF2D50C425004B54C8 /* XCRemoteSwiftPackageReference "GoogleSignIn-iOS" */;
			productName = GoogleSignInSwift;
		};
/* End XCSwiftPackageProductDependency section */
	};
	rootObject = 7F3139FB292BC7E90048C74C /* Project object */;
}
