// !$*UTF8*$!
{
	archiveVersion = 1;
	classes = {
	};
	objectVersion = 70;
	objects = {

/* Begin PBXBuildFile section */
		4101806F2D24449D003F8160 /* HomeEntity.swift in Sources */ = {isa = PBXBuildFile; fileRef = 4101806E2D24449A003F8160 /* HomeEntity.swift */; };
		410180712D2444A4003F8160 /* HomeInteractor.swift in Sources */ = {isa = PBXBuildFile; fileRef = 410180702D2444A0003F8160 /* HomeInteractor.swift */; };
		6E00E5ED2D22245400944B6C /* OneSignalExtension in Frameworks */ = {isa = PBXBuildFile; productRef = 6E00E5EC2D22245400944B6C /* OneSignalExtension */; };
		6E00E5EF2D22245400944B6C /* OneSignalFramework in Frameworks */ = {isa = PBXBuildFile; productRef = 6E00E5EE2D22245400944B6C /* OneSignalFramework */; };
		6E00E5F12D22245400944B6C /* OneSignalInAppMessages in Frameworks */ = {isa = PBXBuildFile; productRef = 6E00E5F02D22245400944B6C /* OneSignalInAppMessages */; };
		6E0A98612D2301DD00B6EB14 /* OneSignalLocation in Frameworks */ = {isa = PBXBuildFile; productRef = 6E0A98602D2301DD00B6EB14 /* OneSignalLocation */; };
		6E64678E2D25AE460098A371 /* SQLite in Frameworks */ = {isa = PBXBuildFile; productRef = 6E64678D2D25AE460098A371 /* SQLite */; };
		6EB987182D2573A8000394DF /* SwiftyBeaver in Frameworks */ = {isa = PBXBuildFile; productRef = 6EB987172D2573A8000394DF /* SwiftyBeaver */; };
		6EB9871D2D2574CE000394DF /* EnvironmentConfig.plist in Resources */ = {isa = PBXBuildFile; fileRef = 6EB9871C2D2574C6000394DF /* EnvironmentConfig.plist */; };
		7F313A07292BC7E90048C74C /* AppDelegate.swift in Sources */ = {isa = PBXBuildFile; fileRef = 7F313A06292BC7E90048C74C /* AppDelegate.swift */; };
		7F313A10292BC7EA0048C74C /* Assets.xcassets in Resources */ = {isa = PBXBuildFile; fileRef = 7F313A0F292BC7EA0048C74C /* Assets.xcassets */; };
		7F313A13292BC7EA0048C74C /* LaunchScreen.storyboard in Resources */ = {isa = PBXBuildFile; fileRef = 7F313A11292BC7EA0048C74C /* LaunchScreen.storyboard */; };
		7F313A21292BC8670048C74C /* InteractorInterface.swift in Sources */ = {isa = PBXBuildFile; fileRef = 7F313A1C292BC8670048C74C /* InteractorInterface.swift */; };
		7F313A22292BC8670048C74C /* FormatterInterface.swift in Sources */ = {isa = PBXBuildFile; fileRef = 7F313A1D292BC8670048C74C /* FormatterInterface.swift */; };
		7F313A23292BC8670048C74C /* PresenterInterface.swift in Sources */ = {isa = PBXBuildFile; fileRef = 7F313A1E292BC8670048C74C /* PresenterInterface.swift */; };
		7F313A24292BC8670048C74C /* BaseWireframe.swift in Sources */ = {isa = PBXBuildFile; fileRef = 7F313A1F292BC8670048C74C /* BaseWireframe.swift */; };
		7F313A25292BC8670048C74C /* ViewInterface.swift in Sources */ = {isa = PBXBuildFile; fileRef = 7F313A20292BC8670048C74C /* ViewInterface.swift */; };
		7F313A27292BC86F0048C74C /* Progressable.swift in Sources */ = {isa = PBXBuildFile; fileRef = 7F313A26292BC86F0048C74C /* Progressable.swift */; };
		7F313A2A292BC88F0048C74C /* LazyHostingViewController.swift in Sources */ = {isa = PBXBuildFile; fileRef = 7F313A29292BC88F0048C74C /* LazyHostingViewController.swift */; };
		7F313A2C292BC8A80048C74C /* HostingNavigationController.swift in Sources */ = {isa = PBXBuildFile; fileRef = 7F313A2B292BC8A80048C74C /* HostingNavigationController.swift */; };
		7F313A2F292BC8C70048C74C /* RxCocoa in Frameworks */ = {isa = PBXBuildFile; productRef = 7F313A2E292BC8C70048C74C /* RxCocoa */; };
		7F313A31292BC8C70048C74C /* RxRelay in Frameworks */ = {isa = PBXBuildFile; productRef = 7F313A30292BC8C70048C74C /* RxRelay */; };
		7F313A33292BC8C70048C74C /* RxSwift in Frameworks */ = {isa = PBXBuildFile; productRef = 7F313A32292BC8C70048C74C /* RxSwift */; };
		7F313A38292BC92C0048C74C /* InitialWireframeInitializer.swift in Sources */ = {isa = PBXBuildFile; fileRef = 7F313A35292BC92C0048C74C /* InitialWireframeInitializer.swift */; };
		7F313A39292BC92C0048C74C /* StartupInitializationBuilder.swift in Sources */ = {isa = PBXBuildFile; fileRef = 7F313A36292BC92C0048C74C /* StartupInitializationBuilder.swift */; };
		7F313A3A292BC92C0048C74C /* Initializable.swift in Sources */ = {isa = PBXBuildFile; fileRef = 7F313A37292BC92C0048C74C /* Initializable.swift */; };
		7F313A4C292BCD860048C74C /* HomeInterfaces.swift in Sources */ = {isa = PBXBuildFile; fileRef = 7F313A48292BCD860048C74C /* HomeInterfaces.swift */; };
		7F313A4D292BCD860048C74C /* HomePresenter.swift in Sources */ = {isa = PBXBuildFile; fileRef = 7F313A49292BCD860048C74C /* HomePresenter.swift */; };
		7F313A4E292BCD860048C74C /* HomeView.swift in Sources */ = {isa = PBXBuildFile; fileRef = 7F313A4A292BCD860048C74C /* HomeView.swift */; };
		7F313A4F292BCD860048C74C /* HomeWireframe.swift in Sources */ = {isa = PBXBuildFile; fileRef = 7F313A4B292BCD860048C74C /* HomeWireframe.swift */; };
/* End PBXBuildFile section */

/* Begin PBXFileReference section */
		4101806E2D24449A003F8160 /* HomeEntity.swift */ = {isa = PBXFileReference; lastKnownFileType = sourcecode.swift; path = HomeEntity.swift; sourceTree = "<group>"; };
		410180702D2444A0003F8160 /* HomeInteractor.swift */ = {isa = PBXFileReference; lastKnownFileType = sourcecode.swift; path = HomeInteractor.swift; sourceTree = "<group>"; };
		6E00E5D82D22229800944B6C /* DemoAppRelease.entitlements */ = {isa = PBXFileReference; lastKnownFileType = text.plist.entitlements; path = DemoAppRelease.entitlements; sourceTree = "<group>"; };
		6E00E5DD2D2222D400944B6C /* OneSignalNotificationServiceExtension.appex */ = {isa = PBXFileReference; explicitFileType = "wrapper.app-extension"; includeInIndex = 0; path = OneSignalNotificationServiceExtension.appex; sourceTree = BUILT_PRODUCTS_DIR; };
		6E0A98622D23029600B6EB14 /* DemoApp.entitlements */ = {isa = PBXFileReference; lastKnownFileType = text.plist.entitlements; path = DemoApp.entitlements; sourceTree = "<group>"; };
		6EB9871C2D2574C6000394DF /* EnvironmentConfig.plist */ = {isa = PBXFileReference; lastKnownFileType = text.plist.xml; path = EnvironmentConfig.plist; sourceTree = "<group>"; };
		7F313A03292BC7E90048C74C /* Swift Camp.app */ = {isa = PBXFileReference; explicitFileType = wrapper.application; includeInIndex = 0; path = "Swift Camp.app"; sourceTree = BUILT_PRODUCTS_DIR; };
		7F313A06292BC7E90048C74C /* AppDelegate.swift */ = {isa = PBXFileReference; lastKnownFileType = sourcecode.swift; path = AppDelegate.swift; sourceTree = "<group>"; };
		7F313A0F292BC7EA0048C74C /* Assets.xcassets */ = {isa = PBXFileReference; lastKnownFileType = folder.assetcatalog; path = Assets.xcassets; sourceTree = "<group>"; };
		7F313A12292BC7EA0048C74C /* Base */ = {isa = PBXFileReference; lastKnownFileType = file.storyboard; name = Base; path = Base.lproj/LaunchScreen.storyboard; sourceTree = "<group>"; };
		7F313A14292BC7EA0048C74C /* Info.plist */ = {isa = PBXFileReference; lastKnownFileType = text.plist.xml; path = Info.plist; sourceTree = "<group>"; };
		7F313A1C292BC8670048C74C /* InteractorInterface.swift */ = {isa = PBXFileReference; fileEncoding = 4; lastKnownFileType = sourcecode.swift; path = InteractorInterface.swift; sourceTree = "<group>"; };
		7F313A1D292BC8670048C74C /* FormatterInterface.swift */ = {isa = PBXFileReference; fileEncoding = 4; lastKnownFileType = sourcecode.swift; path = FormatterInterface.swift; sourceTree = "<group>"; };
		7F313A1E292BC8670048C74C /* PresenterInterface.swift */ = {isa = PBXFileReference; fileEncoding = 4; lastKnownFileType = sourcecode.swift; path = PresenterInterface.swift; sourceTree = "<group>"; };
		7F313A1F292BC8670048C74C /* BaseWireframe.swift */ = {isa = PBXFileReference; fileEncoding = 4; lastKnownFileType = sourcecode.swift; path = BaseWireframe.swift; sourceTree = "<group>"; };
		7F313A20292BC8670048C74C /* ViewInterface.swift */ = {isa = PBXFileReference; fileEncoding = 4; lastKnownFileType = sourcecode.swift; path = ViewInterface.swift; sourceTree = "<group>"; };
		7F313A26292BC86F0048C74C /* Progressable.swift */ = {isa = PBXFileReference; fileEncoding = 4; lastKnownFileType = sourcecode.swift; path = Progressable.swift; sourceTree = "<group>"; };
		7F313A29292BC88F0048C74C /* LazyHostingViewController.swift */ = {isa = PBXFileReference; fileEncoding = 4; lastKnownFileType = sourcecode.swift; path = LazyHostingViewController.swift; sourceTree = "<group>"; };
		7F313A2B292BC8A80048C74C /* HostingNavigationController.swift */ = {isa = PBXFileReference; fileEncoding = 4; lastKnownFileType = sourcecode.swift; path = HostingNavigationController.swift; sourceTree = "<group>"; };
		7F313A35292BC92C0048C74C /* InitialWireframeInitializer.swift */ = {isa = PBXFileReference; fileEncoding = 4; lastKnownFileType = sourcecode.swift; path = InitialWireframeInitializer.swift; sourceTree = "<group>"; };
		7F313A36292BC92C0048C74C /* StartupInitializationBuilder.swift */ = {isa = PBXFileReference; fileEncoding = 4; lastKnownFileType = sourcecode.swift; path = StartupInitializationBuilder.swift; sourceTree = "<group>"; };
		7F313A37292BC92C0048C74C /* Initializable.swift */ = {isa = PBXFileReference; fileEncoding = 4; lastKnownFileType = sourcecode.swift; path = Initializable.swift; sourceTree = "<group>"; };
		7F313A48292BCD860048C74C /* HomeInterfaces.swift */ = {isa = PBXFileReference; lastKnownFileType = sourcecode.swift; path = HomeInterfaces.swift; sourceTree = "<group>"; };
		7F313A49292BCD860048C74C /* HomePresenter.swift */ = {isa = PBXFileReference; lastKnownFileType = sourcecode.swift; path = HomePresenter.swift; sourceTree = "<group>"; };
		7F313A4A292BCD860048C74C /* HomeView.swift */ = {isa = PBXFileReference; lastKnownFileType = sourcecode.swift; path = HomeView.swift; sourceTree = "<group>"; };
		7F313A4B292BCD860048C74C /* HomeWireframe.swift */ = {isa = PBXFileReference; lastKnownFileType = sourcecode.swift; path = HomeWireframe.swift; sourceTree = "<group>"; };
/* End PBXFileReference section */

/* Begin PBXFileSystemSynchronizedBuildFileExceptionSet section */
		6E00E5E52D2222D400944B6C /* PBXFileSystemSynchronizedBuildFileExceptionSet */ = {
			isa = PBXFileSystemSynchronizedBuildFileExceptionSet;
			membershipExceptions = (
				Info.plist,
			);
			target = 6E00E5DC2D2222D400944B6C /* OneSignalNotificationServiceExtension */;
		};
/* End PBXFileSystemSynchronizedBuildFileExceptionSet section */

/* Begin PBXFileSystemSynchronizedRootGroup section */
		5536DDE02D1FEC1B0003C161 /* Components */ = {isa = PBXFileSystemSynchronizedRootGroup; explicitFileTypes = {}; explicitFolders = (); path = Components; sourceTree = "<group>"; };
		6E00E5DE2D2222D400944B6C /* OneSignalNotificationServiceExtension */ = {isa = PBXFileSystemSynchronizedRootGroup; exceptions = (6E00E5E52D2222D400944B6C /* PBXFileSystemSynchronizedBuildFileExceptionSet */, ); explicitFileTypes = {}; explicitFolders = (); path = OneSignalNotificationServiceExtension; sourceTree = "<group>"; };
		6EB987152D2572EB000394DF /* Helpers */ = {isa = PBXFileSystemSynchronizedRootGroup; explicitFileTypes = {}; explicitFolders = (); path = Helpers; sourceTree = "<group>"; };
		6EFA4C602D1FE2BB00C140BB /* Components */ = {isa = PBXFileSystemSynchronizedRootGroup; explicitFileTypes = {}; explicitFolders = (); path = Components; sourceTree = "<group>"; };
/* End PBXFileSystemSynchronizedRootGroup section */

/* Begin PBXFrameworksBuildPhase section */
		6E00E5DA2D2222D400944B6C /* Frameworks */ = {
			isa = PBXFrameworksBuildPhase;
			buildActionMask = 2147483647;
			files = (
				6E00E5ED2D22245400944B6C /* OneSignalExtension in Frameworks */,
			);
			runOnlyForDeploymentPostprocessing = 0;
		};
		7F313A00292BC7E90048C74C /* Frameworks */ = {
			isa = PBXFrameworksBuildPhase;
			buildActionMask = 2147483647;
			files = (
				6E64678E2D25AE460098A371 /* SQLite in Frameworks */,
				6E00E5F12D22245400944B6C /* OneSignalInAppMessages in Frameworks */,
				6E00E5EF2D22245400944B6C /* OneSignalFramework in Frameworks */,
				6EB987182D2573A8000394DF /* SwiftyBeaver in Frameworks */,
				7F313A33292BC8C70048C74C /* RxSwift in Frameworks */,
				7F313A31292BC8C70048C74C /* RxRelay in Frameworks */,
				6E0A98612D2301DD00B6EB14 /* OneSignalLocation in Frameworks */,
				7F313A2F292BC8C70048C74C /* RxCocoa in Frameworks */,
			);
			runOnlyForDeploymentPostprocessing = 0;
		};
/* End PBXFrameworksBuildPhase section */

/* Begin PBXGroup section */
		6E0A985F2D2301DD00B6EB14 /* Frameworks */ = {
			isa = PBXGroup;
			children = (
			);
			name = Frameworks;
			sourceTree = "<group>";
		};
		7F3139FA292BC7E90048C74C = {
			isa = PBXGroup;
			children = (
				7F313A05292BC7E90048C74C /* SwiftComponentsApp */,
				6E00E5DE2D2222D400944B6C /* OneSignalNotificationServiceExtension */,
				6E0A985F2D2301DD00B6EB14 /* Frameworks */,
				7F313A04292BC7E90048C74C /* Products */,
			);
			sourceTree = "<group>";
		};
		7F313A04292BC7E90048C74C /* Products */ = {
			isa = PBXGroup;
			children = (
				7F313A03292BC7E90048C74C /* Swift Camp.app */,
				6E00E5DD2D2222D400944B6C /* OneSignalNotificationServiceExtension.appex */,
			);
			name = Products;
			sourceTree = "<group>";
		};
		7F313A05292BC7E90048C74C /* SwiftComponentsApp */ = {
			isa = PBXGroup;
			children = (
				6EB987152D2572EB000394DF /* Helpers */,
				6E0A98622D23029600B6EB14 /* DemoApp.entitlements */,
				6E00E5D82D22229800944B6C /* DemoAppRelease.entitlements */,
				7F313A34292BC91F0048C74C /* Initializers */,
				7F313A1B292BC85A0048C74C /* VIPER */,
				7F313A28292BC8830048C74C /* SwiftUI Setup */,
				7F313A3B292BCB590048C74C /* Modules */,
				7F313A06292BC7E90048C74C /* AppDelegate.swift */,
				7F313A0F292BC7EA0048C74C /* Assets.xcassets */,
				7F313A11292BC7EA0048C74C /* LaunchScreen.storyboard */,
				7F313A14292BC7EA0048C74C /* Info.plist */,
				6EB9871C2D2574C6000394DF /* EnvironmentConfig.plist */,
			);
			path = SwiftComponentsApp;
			sourceTree = "<group>";
		};
		7F313A1B292BC85A0048C74C /* VIPER */ = {
			isa = PBXGroup;
			children = (
				7F313A1F292BC8670048C74C /* BaseWireframe.swift */,
				7F313A26292BC86F0048C74C /* Progressable.swift */,
				7F313A1D292BC8670048C74C /* FormatterInterface.swift */,
				7F313A1C292BC8670048C74C /* InteractorInterface.swift */,
				7F313A1E292BC8670048C74C /* PresenterInterface.swift */,
				7F313A20292BC8670048C74C /* ViewInterface.swift */,
			);
			path = VIPER;
			sourceTree = "<group>";
		};
		7F313A28292BC8830048C74C /* SwiftUI Setup */ = {
			isa = PBXGroup;
			children = (
				7F313A2B292BC8A80048C74C /* HostingNavigationController.swift */,
				7F313A29292BC88F0048C74C /* LazyHostingViewController.swift */,
			);
			path = "SwiftUI Setup";
			sourceTree = "<group>";
		};
		7F313A34292BC91F0048C74C /* Initializers */ = {
			isa = PBXGroup;
			children = (
				7F313A37292BC92C0048C74C /* Initializable.swift */,
				7F313A35292BC92C0048C74C /* InitialWireframeInitializer.swift */,
				7F313A36292BC92C0048C74C /* StartupInitializationBuilder.swift */,
			);
			path = Initializers;
			sourceTree = "<group>";
		};
		7F313A3B292BCB590048C74C /* Modules */ = {
			isa = PBXGroup;
			children = (
				7F313A47292BCD750048C74C /* Home */,
			);
			path = Modules;
			sourceTree = "<group>";
		};
		7F313A47292BCD750048C74C /* Home */ = {
			isa = PBXGroup;
			children = (
				5536DDE02D1FEC1B0003C161 /* Components */,
				4101806E2D24449A003F8160 /* HomeEntity.swift */,
				410180702D2444A0003F8160 /* HomeInteractor.swift */,
				7F313A48292BCD860048C74C /* HomeInterfaces.swift */,
				7F313A49292BCD860048C74C /* HomePresenter.swift */,
				7F313A4A292BCD860048C74C /* HomeView.swift */,
				7F313A4B292BCD860048C74C /* HomeWireframe.swift */,
				6EFA4C602D1FE2BB00C140BB /* Components */,
			);
			path = Home;
			sourceTree = "<group>";
		};
/* End PBXGroup section */

/* Begin PBXNativeTarget section */
		6E00E5DC2D2222D400944B6C /* OneSignalNotificationServiceExtension */ = {
			isa = PBXNativeTarget;
			buildConfigurationList = 6E00E5E62D2222D400944B6C /* Build configuration list for PBXNativeTarget "OneSignalNotificationServiceExtension" */;
			buildPhases = (
				6E00E5D92D2222D400944B6C /* Sources */,
				6E00E5DA2D2222D400944B6C /* Frameworks */,
				6E00E5DB2D2222D400944B6C /* Resources */,
			);
			buildRules = (
			);
			dependencies = (
			);
			fileSystemSynchronizedGroups = (
				6E00E5DE2D2222D400944B6C /* OneSignalNotificationServiceExtension */,
			);
			name = OneSignalNotificationServiceExtension;
			packageProductDependencies = (
				6E00E5EC2D22245400944B6C /* OneSignalExtension */,
			);
			productName = OneSignalNotificationServiceExtension;
			productReference = 6E00E5DD2D2222D400944B6C /* OneSignalNotificationServiceExtension.appex */;
			productType = "com.apple.product-type.app-extension";
		};
		7F313A02292BC7E90048C74C /* MFSCamp */ = {
			isa = PBXNativeTarget;
			buildConfigurationList = 7F313A17292BC7EA0048C74C /* Build configuration list for PBXNativeTarget "MFSCamp" */;
			buildPhases = (
				7F3139FF292BC7E90048C74C /* Sources */,
				7F313A00292BC7E90048C74C /* Frameworks */,
				7F313A01292BC7E90048C74C /* Resources */,
			);
			buildRules = (
			);
			dependencies = (
			);
			fileSystemSynchronizedGroups = (
				5536DDE02D1FEC1B0003C161 /* Components */,
				6EB987152D2572EB000394DF /* Helpers */,
				6EFA4C602D1FE2BB00C140BB /* Components */,
			);
			name = MFSCamp;
			packageProductDependencies = (
				7F313A2E292BC8C70048C74C /* RxCocoa */,
				7F313A30292BC8C70048C74C /* RxRelay */,
				7F313A32292BC8C70048C74C /* RxSwift */,
				6E00E5EE2D22245400944B6C /* OneSignalFramework */,
				6E00E5F02D22245400944B6C /* OneSignalInAppMessages */,
				6E0A98602D2301DD00B6EB14 /* OneSignalLocation */,
				6EB987172D2573A8000394DF /* SwiftyBeaver */,
				6E64678D2D25AE460098A371 /* SQLite */,
			);
			productName = DemoApp;
			productReference = 7F313A03292BC7E90048C74C /* Swift Camp.app */;
			productType = "com.apple.product-type.application";
		};
/* End PBXNativeTarget section */

/* Begin PBXProject section */
		7F3139FB292BC7E90048C74C /* Project object */ = {
			isa = PBXProject;
			attributes = {
				BuildIndependentTargetsInParallel = 1;
				LastSwiftUpdateCheck = 1620;
				LastUpgradeCheck = 1620;
				TargetAttributes = {
					6E00E5DC2D2222D400944B6C = {
						CreatedOnToolsVersion = 16.2;
					};
					7F313A02292BC7E90048C74C = {
						CreatedOnToolsVersion = 14.0.1;
					};
				};
			};
			buildConfigurationList = 7F3139FE292BC7E90048C74C /* Build configuration list for PBXProject "MFSCamp" */;
			compatibilityVersion = "Xcode 14.0";
			developmentRegion = en;
			hasScannedForEncodings = 0;
			knownRegions = (
				en,
				Base,
			);
			mainGroup = 7F3139FA292BC7E90048C74C;
			packageReferences = (
				7F313A2D292BC8C70048C74C /* XCRemoteSwiftPackageReference "RxSwift" */,
				6E00E5EB2D22245400944B6C /* XCRemoteSwiftPackageReference "OneSignal-XCFramework" */,
				6EB987162D2573A8000394DF /* XCRemoteSwiftPackageReference "SwiftyBeaver" */,
				6E64678C2D25AE460098A371 /* XCRemoteSwiftPackageReference "SQLite.swift" */,
			);
			productRefGroup = 7F313A04292BC7E90048C74C /* Products */;
			projectDirPath = "";
			projectRoot = "";
			targets = (
				7F313A02292BC7E90048C74C /* MFSCamp */,
				6E00E5DC2D2222D400944B6C /* OneSignalNotificationServiceExtension */,
			);
		};
/* End PBXProject section */

/* Begin PBXResourcesBuildPhase section */
		6E00E5DB2D2222D400944B6C /* Resources */ = {
			isa = PBXResourcesBuildPhase;
			buildActionMask = 2147483647;
			files = (
			);
			runOnlyForDeploymentPostprocessing = 0;
		};
		7F313A01292BC7E90048C74C /* Resources */ = {
			isa = PBXResourcesBuildPhase;
			buildActionMask = 2147483647;
			files = (
				7F313A13292BC7EA0048C74C /* LaunchScreen.storyboard in Resources */,
				7F313A10292BC7EA0048C74C /* Assets.xcassets in Resources */,
				6EB9871D2D2574CE000394DF /* EnvironmentConfig.plist in Resources */,
			);
			runOnlyForDeploymentPostprocessing = 0;
		};
/* End PBXResourcesBuildPhase section */

/* Begin PBXSourcesBuildPhase section */
		6E00E5D92D2222D400944B6C /* Sources */ = {
			isa = PBXSourcesBuildPhase;
			buildActionMask = 2147483647;
			files = (
			);
			runOnlyForDeploymentPostprocessing = 0;
		};
		7F3139FF292BC7E90048C74C /* Sources */ = {
			isa = PBXSourcesBuildPhase;
			buildActionMask = 2147483647;
			files = (
				7F313A21292BC8670048C74C /* InteractorInterface.swift in Sources */,
				7F313A27292BC86F0048C74C /* Progressable.swift in Sources */,
				7F313A4D292BCD860048C74C /* HomePresenter.swift in Sources */,
				7F313A2A292BC88F0048C74C /* LazyHostingViewController.swift in Sources */,
				7F313A38292BC92C0048C74C /* InitialWireframeInitializer.swift in Sources */,
				4101806F2D24449D003F8160 /* HomeEntity.swift in Sources */,
				410180712D2444A4003F8160 /* HomeInteractor.swift in Sources */,
				7F313A25292BC8670048C74C /* ViewInterface.swift in Sources */,
				7F313A23292BC8670048C74C /* PresenterInterface.swift in Sources */,
				7F313A07292BC7E90048C74C /* AppDelegate.swift in Sources */,
				7F313A24292BC8670048C74C /* BaseWireframe.swift in Sources */,
				7F313A22292BC8670048C74C /* FormatterInterface.swift in Sources */,
				7F313A4E292BCD860048C74C /* HomeView.swift in Sources */,
				7F313A39292BC92C0048C74C /* StartupInitializationBuilder.swift in Sources */,
				7F313A2C292BC8A80048C74C /* HostingNavigationController.swift in Sources */,
				7F313A4C292BCD860048C74C /* HomeInterfaces.swift in Sources */,
				7F313A3A292BC92C0048C74C /* Initializable.swift in Sources */,
				7F313A4F292BCD860048C74C /* HomeWireframe.swift in Sources */,
			);
			runOnlyForDeploymentPostprocessing = 0;
		};
/* End PBXSourcesBuildPhase section */

/* Begin PBXVariantGroup section */
		7F313A11292BC7EA0048C74C /* LaunchScreen.storyboard */ = {
			isa = PBXVariantGroup;
			children = (
				7F313A12292BC7EA0048C74C /* Base */,
			);
			name = LaunchScreen.storyboard;
			sourceTree = "<group>";
		};
/* End PBXVariantGroup section */

/* Begin XCBuildConfiguration section */
		6E00E5E72D2222D400944B6C /* Debug */ = {
			isa = XCBuildConfiguration;
			buildSettings = {
				ASSETCATALOG_COMPILER_GENERATE_SWIFT_ASSET_SYMBOL_EXTENSIONS = YES;
				CODE_SIGN_STYLE = Automatic;
				CURRENT_PROJECT_VERSION = 1;
				DEVELOPMENT_TEAM = 4GW994398K;
				GCC_C_LANGUAGE_STANDARD = gnu17;
				GENERATE_INFOPLIST_FILE = YES;
				INFOPLIST_FILE = OneSignalNotificationServiceExtension/Info.plist;
				INFOPLIST_KEY_CFBundleDisplayName = OneSignalNotificationServiceExtension;
				INFOPLIST_KEY_NSHumanReadableCopyright = "";
				IPHONEOS_DEPLOYMENT_TARGET = 15.0;
				LD_RUNPATH_SEARCH_PATHS = (
					"$(inherited)",
					"@executable_path/Frameworks",
					"@executable_path/../../Frameworks",
				);
				LOCALIZATION_PREFERS_STRING_CATALOGS = YES;
				MARKETING_VERSION = 1.0;
				PRODUCT_BUNDLE_IDENTIFIER = com.masterfabric.swift.OneSignalNotificationServiceExtension;
				PRODUCT_NAME = "$(TARGET_NAME)";
				SKIP_INSTALL = YES;
				SUPPORTED_PLATFORMS = "iphoneos iphonesimulator";
				SUPPORTS_MACCATALYST = NO;
				SUPPORTS_MAC_DESIGNED_FOR_IPHONE_IPAD = NO;
				SUPPORTS_XR_DESIGNED_FOR_IPHONE_IPAD = NO;
				SWIFT_ACTIVE_COMPILATION_CONDITIONS = "DEBUG $(inherited)";
				SWIFT_EMIT_LOC_STRINGS = YES;
				SWIFT_VERSION = 5.0;
				TARGETED_DEVICE_FAMILY = 1;
			};
			name = Debug;
		};
		6E00E5E82D2222D400944B6C /* Release */ = {
			isa = XCBuildConfiguration;
			buildSettings = {
				ASSETCATALOG_COMPILER_GENERATE_SWIFT_ASSET_SYMBOL_EXTENSIONS = YES;
				CODE_SIGN_ENTITLEMENTS = OneSignalNotificationServiceExtension/OneSignalNotificationServiceExtensionRelease.entitlements;
				CODE_SIGN_STYLE = Automatic;
				CURRENT_PROJECT_VERSION = 1;
				DEVELOPMENT_TEAM = 4GW994398K;
				GCC_C_LANGUAGE_STANDARD = gnu17;
				GENERATE_INFOPLIST_FILE = YES;
				INFOPLIST_FILE = OneSignalNotificationServiceExtension/Info.plist;
				INFOPLIST_KEY_CFBundleDisplayName = OneSignalNotificationServiceExtension;
				INFOPLIST_KEY_NSHumanReadableCopyright = "";
				IPHONEOS_DEPLOYMENT_TARGET = 15.0;
				LD_RUNPATH_SEARCH_PATHS = (
					"$(inherited)",
					"@executable_path/Frameworks",
					"@executable_path/../../Frameworks",
				);
				LOCALIZATION_PREFERS_STRING_CATALOGS = YES;
				MARKETING_VERSION = 1.0;
				PRODUCT_BUNDLE_IDENTIFIER = com.masterfabric.swift.OneSignalNotificationServiceExtension;
				PRODUCT_NAME = "$(TARGET_NAME)";
				SKIP_INSTALL = YES;
				SUPPORTED_PLATFORMS = "iphoneos iphonesimulator";
				SUPPORTS_MACCATALYST = NO;
				SUPPORTS_MAC_DESIGNED_FOR_IPHONE_IPAD = NO;
				SUPPORTS_XR_DESIGNED_FOR_IPHONE_IPAD = NO;
				SWIFT_EMIT_LOC_STRINGS = YES;
				SWIFT_VERSION = 5.0;
				TARGETED_DEVICE_FAMILY = 1;
			};
			name = Release;
		};
		7F313A15292BC7EA0048C74C /* Debug */ = {
			isa = XCBuildConfiguration;
			buildSettings = {
				ALWAYS_SEARCH_USER_PATHS = NO;
				CLANG_ANALYZER_NONNULL = YES;
				CLANG_ANALYZER_NUMBER_OBJECT_CONVERSION = YES_AGGRESSIVE;
				CLANG_CXX_LANGUAGE_STANDARD = "gnu++20";
				CLANG_ENABLE_MODULES = YES;
				CLANG_ENABLE_OBJC_ARC = YES;
				CLANG_ENABLE_OBJC_WEAK = YES;
				CLANG_WARN_BLOCK_CAPTURE_AUTORELEASING = YES;
				CLANG_WARN_BOOL_CONVERSION = YES;
				CLANG_WARN_COMMA = YES;
				CLANG_WARN_CONSTANT_CONVERSION = YES;
				CLANG_WARN_DEPRECATED_OBJC_IMPLEMENTATIONS = YES;
				CLANG_WARN_DIRECT_OBJC_ISA_USAGE = YES_ERROR;
				CLANG_WARN_DOCUMENTATION_COMMENTS = YES;
				CLANG_WARN_EMPTY_BODY = YES;
				CLANG_WARN_ENUM_CONVERSION = YES;
				CLANG_WARN_INFINITE_RECURSION = YES;
				CLANG_WARN_INT_CONVERSION = YES;
				CLANG_WARN_NON_LITERAL_NULL_CONVERSION = YES;
				CLANG_WARN_OBJC_IMPLICIT_RETAIN_SELF = YES;
				CLANG_WARN_OBJC_LITERAL_CONVERSION = YES;
				CLANG_WARN_OBJC_ROOT_CLASS = YES_ERROR;
				CLANG_WARN_QUOTED_INCLUDE_IN_FRAMEWORK_HEADER = YES;
				CLANG_WARN_RANGE_LOOP_ANALYSIS = YES;
				CLANG_WARN_STRICT_PROTOTYPES = YES;
				CLANG_WARN_SUSPICIOUS_MOVE = YES;
				CLANG_WARN_UNGUARDED_AVAILABILITY = YES_AGGRESSIVE;
				CLANG_WARN_UNREACHABLE_CODE = YES;
				CLANG_WARN__DUPLICATE_METHOD_MATCH = YES;
				COPY_PHASE_STRIP = NO;
				DEBUG_INFORMATION_FORMAT = dwarf;
				ENABLE_STRICT_OBJC_MSGSEND = YES;
				ENABLE_TESTABILITY = YES;
				ENABLE_USER_SCRIPT_SANDBOXING = YES;
				GCC_C_LANGUAGE_STANDARD = gnu11;
				GCC_DYNAMIC_NO_PIC = NO;
				GCC_NO_COMMON_BLOCKS = YES;
				GCC_OPTIMIZATION_LEVEL = 0;
				GCC_PREPROCESSOR_DEFINITIONS = (
					"DEBUG=1",
					"$(inherited)",
				);
				GCC_WARN_64_TO_32_BIT_CONVERSION = YES;
				GCC_WARN_ABOUT_RETURN_TYPE = YES_ERROR;
				GCC_WARN_UNDECLARED_SELECTOR = YES;
				GCC_WARN_UNINITIALIZED_AUTOS = YES_AGGRESSIVE;
				GCC_WARN_UNUSED_FUNCTION = YES;
				GCC_WARN_UNUSED_VARIABLE = YES;
				IPHONEOS_DEPLOYMENT_TARGET = 16.0;
				MTL_ENABLE_DEBUG_INFO = INCLUDE_SOURCE;
				MTL_FAST_MATH = YES;
				ONLY_ACTIVE_ARCH = YES;
				PRODUCT_NAME = MFSCamp;
				SDKROOT = iphoneos;
				SWIFT_ACTIVE_COMPILATION_CONDITIONS = DEBUG;
				SWIFT_OPTIMIZATION_LEVEL = "-Onone";
			};
			name = Debug;
		};
		7F313A16292BC7EA0048C74C /* Release */ = {
			isa = XCBuildConfiguration;
			buildSettings = {
				ALWAYS_SEARCH_USER_PATHS = NO;
				CLANG_ANALYZER_NONNULL = YES;
				CLANG_ANALYZER_NUMBER_OBJECT_CONVERSION = YES_AGGRESSIVE;
				CLANG_CXX_LANGUAGE_STANDARD = "gnu++20";
				CLANG_ENABLE_MODULES = YES;
				CLANG_ENABLE_OBJC_ARC = YES;
				CLANG_ENABLE_OBJC_WEAK = YES;
				CLANG_WARN_BLOCK_CAPTURE_AUTORELEASING = YES;
				CLANG_WARN_BOOL_CONVERSION = YES;
				CLANG_WARN_COMMA = YES;
				CLANG_WARN_CONSTANT_CONVERSION = YES;
				CLANG_WARN_DEPRECATED_OBJC_IMPLEMENTATIONS = YES;
				CLANG_WARN_DIRECT_OBJC_ISA_USAGE = YES_ERROR;
				CLANG_WARN_DOCUMENTATION_COMMENTS = YES;
				CLANG_WARN_EMPTY_BODY = YES;
				CLANG_WARN_ENUM_CONVERSION = YES;
				CLANG_WARN_INFINITE_RECURSION = YES;
				CLANG_WARN_INT_CONVERSION = YES;
				CLANG_WARN_NON_LITERAL_NULL_CONVERSION = YES;
				CLANG_WARN_OBJC_IMPLICIT_RETAIN_SELF = YES;
				CLANG_WARN_OBJC_LITERAL_CONVERSION = YES;
				CLANG_WARN_OBJC_ROOT_CLASS = YES_ERROR;
				CLANG_WARN_QUOTED_INCLUDE_IN_FRAMEWORK_HEADER = YES;
				CLANG_WARN_RANGE_LOOP_ANALYSIS = YES;
				CLANG_WARN_STRICT_PROTOTYPES = YES;
				CLANG_WARN_SUSPICIOUS_MOVE = YES;
				CLANG_WARN_UNGUARDED_AVAILABILITY = YES_AGGRESSIVE;
				CLANG_WARN_UNREACHABLE_CODE = YES;
				CLANG_WARN__DUPLICATE_METHOD_MATCH = YES;
				COPY_PHASE_STRIP = NO;
				DEBUG_INFORMATION_FORMAT = "dwarf-with-dsym";
				ENABLE_NS_ASSERTIONS = NO;
				ENABLE_STRICT_OBJC_MSGSEND = YES;
				ENABLE_USER_SCRIPT_SANDBOXING = YES;
				GCC_C_LANGUAGE_STANDARD = gnu11;
				GCC_NO_COMMON_BLOCKS = YES;
				GCC_WARN_64_TO_32_BIT_CONVERSION = YES;
				GCC_WARN_ABOUT_RETURN_TYPE = YES_ERROR;
				GCC_WARN_UNDECLARED_SELECTOR = YES;
				GCC_WARN_UNINITIALIZED_AUTOS = YES_AGGRESSIVE;
				GCC_WARN_UNUSED_FUNCTION = YES;
				GCC_WARN_UNUSED_VARIABLE = YES;
				IPHONEOS_DEPLOYMENT_TARGET = 16.0;
				MTL_ENABLE_DEBUG_INFO = NO;
				MTL_FAST_MATH = YES;
				PRODUCT_NAME = MFSCamp;
				SDKROOT = iphoneos;
				SWIFT_COMPILATION_MODE = wholemodule;
				SWIFT_OPTIMIZATION_LEVEL = "-O";
				VALIDATE_PRODUCT = YES;
			};
			name = Release;
		};
		7F313A18292BC7EA0048C74C /* Debug */ = {
			isa = XCBuildConfiguration;
			buildSettings = {
				ASSETCATALOG_COMPILER_APPICON_NAME = AppIcon;
				ASSETCATALOG_COMPILER_GLOBAL_ACCENT_COLOR_NAME = AccentColor;
				CODE_SIGN_ENTITLEMENTS = SwiftComponentsApp/DemoApp.entitlements;
				CODE_SIGN_STYLE = Automatic;
				CURRENT_PROJECT_VERSION = 1;
				DEVELOPMENT_TEAM = 4GW994398K;
				GENERATE_INFOPLIST_FILE = YES;
				INFOPLIST_FILE = SwiftComponentsApp/Info.plist;
				INFOPLIST_KEY_UIApplicationSupportsIndirectInputEvents = YES;
				INFOPLIST_KEY_UILaunchStoryboardName = LaunchScreen;
				INFOPLIST_KEY_UIMainStoryboardFile = "";
				INFOPLIST_KEY_UISupportedInterfaceOrientations = UIInterfaceOrientationPortrait;
				INFOPLIST_KEY_UISupportedInterfaceOrientations_iPad = "UIInterfaceOrientationLandscapeLeft UIInterfaceOrientationLandscapeRight UIInterfaceOrientationPortrait UIInterfaceOrientationPortraitUpsideDown";
				IPHONEOS_DEPLOYMENT_TARGET = 15.0;
				LD_RUNPATH_SEARCH_PATHS = (
					"$(inherited)",
					"@executable_path/Frameworks",
				);
				MARKETING_VERSION = 1.0;
				PRODUCT_BUNDLE_IDENTIFIER = com.masterfabric.swift;
				PRODUCT_NAME = "Swift Camp";
				SUPPORTED_PLATFORMS = "iphoneos iphonesimulator";
				SUPPORTS_MACCATALYST = NO;
				SUPPORTS_MAC_DESIGNED_FOR_IPHONE_IPAD = NO;
				SUPPORTS_XR_DESIGNED_FOR_IPHONE_IPAD = NO;
				SWIFT_EMIT_LOC_STRINGS = YES;
				SWIFT_VERSION = 5.0;
				TARGETED_DEVICE_FAMILY = 1;
			};
			name = Debug;
		};
		7F313A19292BC7EA0048C74C /* Release */ = {
			isa = XCBuildConfiguration;
			buildSettings = {
				ASSETCATALOG_COMPILER_APPICON_NAME = AppIcon;
				ASSETCATALOG_COMPILER_GLOBAL_ACCENT_COLOR_NAME = AccentColor;
				CODE_SIGN_ENTITLEMENTS = SwiftComponentsApp/DemoAppRelease.entitlements;
				CODE_SIGN_STYLE = Automatic;
				CURRENT_PROJECT_VERSION = 1;
				DEVELOPMENT_TEAM = 4GW994398K;
				GENERATE_INFOPLIST_FILE = YES;
				INFOPLIST_FILE = SwiftComponentsApp/Info.plist;
				INFOPLIST_KEY_UIApplicationSupportsIndirectInputEvents = YES;
				INFOPLIST_KEY_UILaunchStoryboardName = LaunchScreen;
				INFOPLIST_KEY_UIMainStoryboardFile = "";
				INFOPLIST_KEY_UISupportedInterfaceOrientations = UIInterfaceOrientationPortrait;
				INFOPLIST_KEY_UISupportedInterfaceOrientations_iPad = "UIInterfaceOrientationLandscapeLeft UIInterfaceOrientationLandscapeRight UIInterfaceOrientationPortrait UIInterfaceOrientationPortraitUpsideDown";
				IPHONEOS_DEPLOYMENT_TARGET = 15.0;
				LD_RUNPATH_SEARCH_PATHS = (
					"$(inherited)",
					"@executable_path/Frameworks",
				);
				MARKETING_VERSION = 1.0;
				PRODUCT_BUNDLE_IDENTIFIER = com.masterfabric.swift;
				PRODUCT_NAME = "Swift Camp";
				SUPPORTED_PLATFORMS = "iphoneos iphonesimulator";
				SUPPORTS_MACCATALYST = NO;
				SUPPORTS_MAC_DESIGNED_FOR_IPHONE_IPAD = NO;
				SUPPORTS_XR_DESIGNED_FOR_IPHONE_IPAD = NO;
				SWIFT_EMIT_LOC_STRINGS = YES;
				SWIFT_VERSION = 5.0;
				TARGETED_DEVICE_FAMILY = 1;
			};
			name = Release;
		};
/* End XCBuildConfiguration section */

/* Begin XCConfigurationList section */
		6E00E5E62D2222D400944B6C /* Build configuration list for PBXNativeTarget "OneSignalNotificationServiceExtension" */ = {
			isa = XCConfigurationList;
			buildConfigurations = (
				6E00E5E72D2222D400944B6C /* Debug */,
				6E00E5E82D2222D400944B6C /* Release */,
			);
			defaultConfigurationIsVisible = 0;
			defaultConfigurationName = Release;
		};
		7F3139FE292BC7E90048C74C /* Build configuration list for PBXProject "MFSCamp" */ = {
			isa = XCConfigurationList;
			buildConfigurations = (
				7F313A15292BC7EA0048C74C /* Debug */,
				7F313A16292BC7EA0048C74C /* Release */,
			);
			defaultConfigurationIsVisible = 0;
			defaultConfigurationName = Release;
		};
		7F313A17292BC7EA0048C74C /* Build configuration list for PBXNativeTarget "MFSCamp" */ = {
			isa = XCConfigurationList;
			buildConfigurations = (
				7F313A18292BC7EA0048C74C /* Debug */,
				7F313A19292BC7EA0048C74C /* Release */,
			);
			defaultConfigurationIsVisible = 0;
			defaultConfigurationName = Release;
		};
/* End XCConfigurationList section */

/* Begin XCRemoteSwiftPackageReference section */
		6E00E5EB2D22245400944B6C /* XCRemoteSwiftPackageReference "OneSignal-XCFramework" */ = {
			isa = XCRemoteSwiftPackageReference;
			repositoryURL = "https://github.com/OneSignal/OneSignal-XCFramework";
			requirement = {
				kind = upToNextMajorVersion;
				minimumVersion = 5.2.9;
			};
		};
		6E64678C2D25AE460098A371 /* XCRemoteSwiftPackageReference "SQLite.swift" */ = {
			isa = XCRemoteSwiftPackageReference;
			repositoryURL = "https://github.com/stephencelis/SQLite.swift.git";
			requirement = {
				kind = upToNextMajorVersion;
				minimumVersion = 0.15.3;
			};
		};
		6EB987162D2573A8000394DF /* XCRemoteSwiftPackageReference "SwiftyBeaver" */ = {
			isa = XCRemoteSwiftPackageReference;
			repositoryURL = "https://github.com/SwiftyBeaver/SwiftyBeaver.git";
			requirement = {
				kind = upToNextMajorVersion;
				minimumVersion = 2.1.1;
			};
		};
		7F313A2D292BC8C70048C74C /* XCRemoteSwiftPackageReference "RxSwift" */ = {
			isa = XCRemoteSwiftPackageReference;
			repositoryURL = "https://github.com/ReactiveX/RxSwift";
			requirement = {
				kind = upToNextMajorVersion;
				minimumVersion = 6.0.0;
			};
		};
/* End XCRemoteSwiftPackageReference section */

/* Begin XCSwiftPackageProductDependency section */
		6E00E5EC2D22245400944B6C /* OneSignalExtension */ = {
			isa = XCSwiftPackageProductDependency;
			package = 6E00E5EB2D22245400944B6C /* XCRemoteSwiftPackageReference "OneSignal-XCFramework" */;
			productName = OneSignalExtension;
		};
		6E00E5EE2D22245400944B6C /* OneSignalFramework */ = {
			isa = XCSwiftPackageProductDependency;
			package = 6E00E5EB2D22245400944B6C /* XCRemoteSwiftPackageReference "OneSignal-XCFramework" */;
			productName = OneSignalFramework;
		};
		6E00E5F02D22245400944B6C /* OneSignalInAppMessages */ = {
			isa = XCSwiftPackageProductDependency;
			package = 6E00E5EB2D22245400944B6C /* XCRemoteSwiftPackageReference "OneSignal-XCFramework" */;
			productName = OneSignalInAppMessages;
		};
		6E0A98602D2301DD00B6EB14 /* OneSignalLocation */ = {
			isa = XCSwiftPackageProductDependency;
			package = 6E00E5EB2D22245400944B6C /* XCRemoteSwiftPackageReference "OneSignal-XCFramework" */;
			productName = OneSignalLocation;
		};
		6E64678D2D25AE460098A371 /* SQLite */ = {
			isa = XCSwiftPackageProductDependency;
			package = 6E64678C2D25AE460098A371 /* XCRemoteSwiftPackageReference "SQLite.swift" */;
			productName = SQLite;
		};
		6EB987172D2573A8000394DF /* SwiftyBeaver */ = {
			isa = XCSwiftPackageProductDependency;
			package = 6EB987162D2573A8000394DF /* XCRemoteSwiftPackageReference "SwiftyBeaver" */;
			productName = SwiftyBeaver;
		};
		7F313A2E292BC8C70048C74C /* RxCocoa */ = {
			isa = XCSwiftPackageProductDependency;
			package = 7F313A2D292BC8C70048C74C /* XCRemoteSwiftPackageReference "RxSwift" */;
			productName = RxCocoa;
		};
		7F313A30292BC8C70048C74C /* RxRelay */ = {
			isa = XCSwiftPackageProductDependency;
			package = 7F313A2D292BC8C70048C74C /* XCRemoteSwiftPackageReference "RxSwift" */;
			productName = RxRelay;
		};
		7F313A32292BC8C70048C74C /* RxSwift */ = {
			isa = XCSwiftPackageProductDependency;
			package = 7F313A2D292BC8C70048C74C /* XCRemoteSwiftPackageReference "RxSwift" */;
			productName = RxSwift;
		};
/* End XCSwiftPackageProductDependency section */
	};
	rootObject = 7F3139FB292BC7E90048C74C /* Project object */;
}
